// !$*UTF8*$!
{
	archiveVersion = 1;
	classes = {
	};
	objectVersion = 56;
	objects = {

/* Begin PBXBuildFile section */
		2DC562952B8E447D00B935F6 /* AppDelegate.swift in Sources */ = {isa = PBXBuildFile; fileRef = 2DC562942B8E447D00B935F6 /* AppDelegate.swift */; };
		2DC562992B8E447D00B935F6 /* ViewController.swift in Sources */ = {isa = PBXBuildFile; fileRef = 2DC562982B8E447D00B935F6 /* ViewController.swift */; };
		2DC5629C2B8E447D00B935F6 /* Main.storyboard in Resources */ = {isa = PBXBuildFile; fileRef = 2DC5629A2B8E447D00B935F6 /* Main.storyboard */; };
		2DC5629E2B8E447F00B935F6 /* Assets.xcassets in Resources */ = {isa = PBXBuildFile; fileRef = 2DC5629D2B8E447F00B935F6 /* Assets.xcassets */; };
		2DC562A12B8E447F00B935F6 /* LaunchScreen.storyboard in Resources */ = {isa = PBXBuildFile; fileRef = 2DC5629F2B8E447F00B935F6 /* LaunchScreen.storyboard */; };
		2DC562AC2B8E448000B935F6 /* MushroomSpotTests.swift in Sources */ = {isa = PBXBuildFile; fileRef = 2DC562AB2B8E448000B935F6 /* MushroomSpotTests.swift */; };
		2DC562B62B8E448000B935F6 /* MushroomSpotUITests.swift in Sources */ = {isa = PBXBuildFile; fileRef = 2DC562B52B8E448000B935F6 /* MushroomSpotUITests.swift */; };
		2DC562B82B8E448000B935F6 /* MushroomSpotUITestsLaunchTests.swift in Sources */ = {isa = PBXBuildFile; fileRef = 2DC562B72B8E448000B935F6 /* MushroomSpotUITestsLaunchTests.swift */; };
		2DC562CC2B8E621800B935F6 /* Localizable.xcstrings in Resources */ = {isa = PBXBuildFile; fileRef = 2DC562CB2B8E621800B935F6 /* Localizable.xcstrings */; };
		2DC562CF2B8E650500B935F6 /* AppCoordinator.swift in Sources */ = {isa = PBXBuildFile; fileRef = 2DC562CE2B8E650500B935F6 /* AppCoordinator.swift */; };
		2DC562D22B8E65B500B935F6 /* Constants.swift in Sources */ = {isa = PBXBuildFile; fileRef = 2DC562D12B8E65B500B935F6 /* Constants.swift */; };
		2DC562E32B8E673D00B935F6 /* HTTPRequest.swift in Sources */ = {isa = PBXBuildFile; fileRef = 2DC562E22B8E673D00B935F6 /* HTTPRequest.swift */; };
		2DC562E52B8E674D00B935F6 /* NetworkResponse.swift in Sources */ = {isa = PBXBuildFile; fileRef = 2DC562E42B8E674D00B935F6 /* NetworkResponse.swift */; };
		2DC562E72B8E67A100B935F6 /* Reachability+Extensions.swift in Sources */ = {isa = PBXBuildFile; fileRef = 2DC562E62B8E67A100B935F6 /* Reachability+Extensions.swift */; };
		2DC562E92B8E67B300B935F6 /* String+Extensions.swift in Sources */ = {isa = PBXBuildFile; fileRef = 2DC562E82B8E67B300B935F6 /* String+Extensions.swift */; };
		2DC562EB2B8E67CD00B935F6 /* NetworkLayerService.swift in Sources */ = {isa = PBXBuildFile; fileRef = 2DC562EA2B8E67CD00B935F6 /* NetworkLayerService.swift */; };
		2DC562ED2B8E67F900B935F6 /* URLFormatter.swift in Sources */ = {isa = PBXBuildFile; fileRef = 2DC562EC2B8E67F900B935F6 /* URLFormatter.swift */; };
		2DC562EF2B8E681400B935F6 /* ActivityIndicatorPresentable.swift in Sources */ = {isa = PBXBuildFile; fileRef = 2DC562EE2B8E681400B935F6 /* ActivityIndicatorPresentable.swift */; };
		2DC562F12B8E682B00B935F6 /* Configurable.swift in Sources */ = {isa = PBXBuildFile; fileRef = 2DC562F02B8E682B00B935F6 /* Configurable.swift */; };
		2DC562F32B8E684000B935F6 /* ErrorHandlerProtocol.swift in Sources */ = {isa = PBXBuildFile; fileRef = 2DC562F22B8E684000B935F6 /* ErrorHandlerProtocol.swift */; };
		2DC562F52B8E685400B935F6 /* Loadable.swift in Sources */ = {isa = PBXBuildFile; fileRef = 2DC562F42B8E685400B935F6 /* Loadable.swift */; };
		2DC562F72B8E686800B935F6 /* NavigationBarProtocol.swift in Sources */ = {isa = PBXBuildFile; fileRef = 2DC562F62B8E686800B935F6 /* NavigationBarProtocol.swift */; };
		2DC562F92B8E687E00B935F6 /* Presentable.swift in Sources */ = {isa = PBXBuildFile; fileRef = 2DC562F82B8E687E00B935F6 /* Presentable.swift */; };
		2DC562FB2B8E689600B935F6 /* Requestable.swift in Sources */ = {isa = PBXBuildFile; fileRef = 2DC562FA2B8E689600B935F6 /* Requestable.swift */; };
		2DC562FD2B8E68A900B935F6 /* Reusable.swift in Sources */ = {isa = PBXBuildFile; fileRef = 2DC562FC2B8E68A900B935F6 /* Reusable.swift */; };
		2DC562FF2B8E68C300B935F6 /* ViewControllerProtocol.swift in Sources */ = {isa = PBXBuildFile; fileRef = 2DC562FE2B8E68C300B935F6 /* ViewControllerProtocol.swift */; };
		2DC563012B8E68D600B935F6 /* ViewStyleable.swift in Sources */ = {isa = PBXBuildFile; fileRef = 2DC563002B8E68D600B935F6 /* ViewStyleable.swift */; };
		2DC563032B8E68F200B935F6 /* KeyboardObserver.swift in Sources */ = {isa = PBXBuildFile; fileRef = 2DC563022B8E68F200B935F6 /* KeyboardObserver.swift */; };
		2DC563052B8E690100B935F6 /* Reachability.swift in Sources */ = {isa = PBXBuildFile; fileRef = 2DC563042B8E690100B935F6 /* Reachability.swift */; };
		2DC563072B8E691E00B935F6 /* Utility.swift in Sources */ = {isa = PBXBuildFile; fileRef = 2DC563062B8E691E00B935F6 /* Utility.swift */; };
/* End PBXBuildFile section */

/* Begin PBXContainerItemProxy section */
		2DC562A82B8E448000B935F6 /* PBXContainerItemProxy */ = {
			isa = PBXContainerItemProxy;
			containerPortal = 2DC562892B8E447D00B935F6 /* Project object */;
			proxyType = 1;
			remoteGlobalIDString = 2DC562902B8E447D00B935F6;
			remoteInfo = MushroomSpot;
		};
		2DC562B22B8E448000B935F6 /* PBXContainerItemProxy */ = {
			isa = PBXContainerItemProxy;
			containerPortal = 2DC562892B8E447D00B935F6 /* Project object */;
			proxyType = 1;
			remoteGlobalIDString = 2DC562902B8E447D00B935F6;
			remoteInfo = MushroomSpot;
		};
/* End PBXContainerItemProxy section */

/* Begin PBXFileReference section */
		2DC562912B8E447D00B935F6 /* MushroomSpot.app */ = {isa = PBXFileReference; explicitFileType = wrapper.application; includeInIndex = 0; path = MushroomSpot.app; sourceTree = BUILT_PRODUCTS_DIR; };
		2DC562942B8E447D00B935F6 /* AppDelegate.swift */ = {isa = PBXFileReference; lastKnownFileType = sourcecode.swift; path = AppDelegate.swift; sourceTree = "<group>"; };
		2DC562982B8E447D00B935F6 /* ViewController.swift */ = {isa = PBXFileReference; lastKnownFileType = sourcecode.swift; path = ViewController.swift; sourceTree = "<group>"; };
		2DC5629B2B8E447D00B935F6 /* Base */ = {isa = PBXFileReference; lastKnownFileType = file.storyboard; name = Base; path = Base.lproj/Main.storyboard; sourceTree = "<group>"; };
		2DC5629D2B8E447F00B935F6 /* Assets.xcassets */ = {isa = PBXFileReference; lastKnownFileType = folder.assetcatalog; path = Assets.xcassets; sourceTree = "<group>"; };
		2DC562A02B8E447F00B935F6 /* Base */ = {isa = PBXFileReference; lastKnownFileType = file.storyboard; name = Base; path = Base.lproj/LaunchScreen.storyboard; sourceTree = "<group>"; };
		2DC562A22B8E447F00B935F6 /* Info.plist */ = {isa = PBXFileReference; lastKnownFileType = text.plist.xml; path = Info.plist; sourceTree = "<group>"; };
		2DC562A72B8E448000B935F6 /* MushroomSpotTests.xctest */ = {isa = PBXFileReference; explicitFileType = wrapper.cfbundle; includeInIndex = 0; path = MushroomSpotTests.xctest; sourceTree = BUILT_PRODUCTS_DIR; };
		2DC562AB2B8E448000B935F6 /* MushroomSpotTests.swift */ = {isa = PBXFileReference; lastKnownFileType = sourcecode.swift; path = MushroomSpotTests.swift; sourceTree = "<group>"; };
		2DC562B12B8E448000B935F6 /* MushroomSpotUITests.xctest */ = {isa = PBXFileReference; explicitFileType = wrapper.cfbundle; includeInIndex = 0; path = MushroomSpotUITests.xctest; sourceTree = BUILT_PRODUCTS_DIR; };
		2DC562B52B8E448000B935F6 /* MushroomSpotUITests.swift */ = {isa = PBXFileReference; lastKnownFileType = sourcecode.swift; path = MushroomSpotUITests.swift; sourceTree = "<group>"; };
		2DC562B72B8E448000B935F6 /* MushroomSpotUITestsLaunchTests.swift */ = {isa = PBXFileReference; lastKnownFileType = sourcecode.swift; path = MushroomSpotUITestsLaunchTests.swift; sourceTree = "<group>"; };
		2DC562CB2B8E621800B935F6 /* Localizable.xcstrings */ = {isa = PBXFileReference; lastKnownFileType = text.json.xcstrings; path = Localizable.xcstrings; sourceTree = "<group>"; };
		2DC562CE2B8E650500B935F6 /* AppCoordinator.swift */ = {isa = PBXFileReference; lastKnownFileType = sourcecode.swift; path = AppCoordinator.swift; sourceTree = "<group>"; };
		2DC562D12B8E65B500B935F6 /* Constants.swift */ = {isa = PBXFileReference; lastKnownFileType = sourcecode.swift; path = Constants.swift; sourceTree = "<group>"; };
		2DC562E22B8E673D00B935F6 /* HTTPRequest.swift */ = {isa = PBXFileReference; lastKnownFileType = sourcecode.swift; path = HTTPRequest.swift; sourceTree = "<group>"; };
		2DC562E42B8E674D00B935F6 /* NetworkResponse.swift */ = {isa = PBXFileReference; lastKnownFileType = sourcecode.swift; path = NetworkResponse.swift; sourceTree = "<group>"; };
		2DC562E62B8E67A100B935F6 /* Reachability+Extensions.swift */ = {isa = PBXFileReference; lastKnownFileType = sourcecode.swift; path = "Reachability+Extensions.swift"; sourceTree = "<group>"; };
		2DC562E82B8E67B300B935F6 /* String+Extensions.swift */ = {isa = PBXFileReference; lastKnownFileType = sourcecode.swift; path = "String+Extensions.swift"; sourceTree = "<group>"; };
		2DC562EA2B8E67CD00B935F6 /* NetworkLayerService.swift */ = {isa = PBXFileReference; lastKnownFileType = sourcecode.swift; path = NetworkLayerService.swift; sourceTree = "<group>"; };
		2DC562EC2B8E67F900B935F6 /* URLFormatter.swift */ = {isa = PBXFileReference; lastKnownFileType = sourcecode.swift; path = URLFormatter.swift; sourceTree = "<group>"; };
		2DC562EE2B8E681400B935F6 /* ActivityIndicatorPresentable.swift */ = {isa = PBXFileReference; lastKnownFileType = sourcecode.swift; path = ActivityIndicatorPresentable.swift; sourceTree = "<group>"; };
		2DC562F02B8E682B00B935F6 /* Configurable.swift */ = {isa = PBXFileReference; lastKnownFileType = sourcecode.swift; path = Configurable.swift; sourceTree = "<group>"; };
		2DC562F22B8E684000B935F6 /* ErrorHandlerProtocol.swift */ = {isa = PBXFileReference; lastKnownFileType = sourcecode.swift; path = ErrorHandlerProtocol.swift; sourceTree = "<group>"; };
		2DC562F42B8E685400B935F6 /* Loadable.swift */ = {isa = PBXFileReference; lastKnownFileType = sourcecode.swift; path = Loadable.swift; sourceTree = "<group>"; };
		2DC562F62B8E686800B935F6 /* NavigationBarProtocol.swift */ = {isa = PBXFileReference; lastKnownFileType = sourcecode.swift; path = NavigationBarProtocol.swift; sourceTree = "<group>"; };
		2DC562F82B8E687E00B935F6 /* Presentable.swift */ = {isa = PBXFileReference; lastKnownFileType = sourcecode.swift; path = Presentable.swift; sourceTree = "<group>"; };
		2DC562FA2B8E689600B935F6 /* Requestable.swift */ = {isa = PBXFileReference; lastKnownFileType = sourcecode.swift; path = Requestable.swift; sourceTree = "<group>"; };
		2DC562FC2B8E68A900B935F6 /* Reusable.swift */ = {isa = PBXFileReference; lastKnownFileType = sourcecode.swift; path = Reusable.swift; sourceTree = "<group>"; };
		2DC562FE2B8E68C300B935F6 /* ViewControllerProtocol.swift */ = {isa = PBXFileReference; lastKnownFileType = sourcecode.swift; path = ViewControllerProtocol.swift; sourceTree = "<group>"; };
		2DC563002B8E68D600B935F6 /* ViewStyleable.swift */ = {isa = PBXFileReference; lastKnownFileType = sourcecode.swift; path = ViewStyleable.swift; sourceTree = "<group>"; };
		2DC563022B8E68F200B935F6 /* KeyboardObserver.swift */ = {isa = PBXFileReference; lastKnownFileType = sourcecode.swift; path = KeyboardObserver.swift; sourceTree = "<group>"; };
		2DC563042B8E690100B935F6 /* Reachability.swift */ = {isa = PBXFileReference; lastKnownFileType = sourcecode.swift; path = Reachability.swift; sourceTree = "<group>"; };
		2DC563062B8E691E00B935F6 /* Utility.swift */ = {isa = PBXFileReference; lastKnownFileType = sourcecode.swift; path = Utility.swift; sourceTree = "<group>"; };
/* End PBXFileReference section */

/* Begin PBXFrameworksBuildPhase section */
		2DC5628E2B8E447D00B935F6 /* Frameworks */ = {
			isa = PBXFrameworksBuildPhase;
			buildActionMask = 2147483647;
			files = (
			);
			runOnlyForDeploymentPostprocessing = 0;
		};
		2DC562A42B8E448000B935F6 /* Frameworks */ = {
			isa = PBXFrameworksBuildPhase;
			buildActionMask = 2147483647;
			files = (
			);
			runOnlyForDeploymentPostprocessing = 0;
		};
		2DC562AE2B8E448000B935F6 /* Frameworks */ = {
			isa = PBXFrameworksBuildPhase;
			buildActionMask = 2147483647;
			files = (
			);
			runOnlyForDeploymentPostprocessing = 0;
		};
/* End PBXFrameworksBuildPhase section */

/* Begin PBXGroup section */
		2DC562882B8E447D00B935F6 = {
			isa = PBXGroup;
			children = (
				2DC562932B8E447D00B935F6 /* MushroomSpot */,
				2DC562AA2B8E448000B935F6 /* MushroomSpotTests */,
				2DC562B42B8E448000B935F6 /* MushroomSpotUITests */,
				2DC562922B8E447D00B935F6 /* Products */,
			);
			sourceTree = "<group>";
		};
		2DC562922B8E447D00B935F6 /* Products */ = {
			isa = PBXGroup;
			children = (
				2DC562912B8E447D00B935F6 /* MushroomSpot.app */,
				2DC562A72B8E448000B935F6 /* MushroomSpotTests.xctest */,
				2DC562B12B8E448000B935F6 /* MushroomSpotUITests.xctest */,
			);
			name = Products;
			sourceTree = "<group>";
		};
		2DC562932B8E447D00B935F6 /* MushroomSpot */ = {
			isa = PBXGroup;
			children = (
				2DC562C42B8E44D600B935F6 /* AppDelegate */,
				2DC562C52B8E44E000B935F6 /* Common */,
				2DC562A22B8E447F00B935F6 /* Info.plist */,
				2DC5629A2B8E447D00B935F6 /* Main.storyboard */,
				2DC562C62B8E44E500B935F6 /* Resources */,
				2DC562C72B8E44EF00B935F6 /* Screens */,
				2DC562982B8E447D00B935F6 /* ViewController.swift */,
			);
			path = MushroomSpot;
			sourceTree = "<group>";
		};
		2DC562AA2B8E448000B935F6 /* MushroomSpotTests */ = {
			isa = PBXGroup;
			children = (
				2DC562AB2B8E448000B935F6 /* MushroomSpotTests.swift */,
			);
			path = MushroomSpotTests;
			sourceTree = "<group>";
		};
		2DC562B42B8E448000B935F6 /* MushroomSpotUITests */ = {
			isa = PBXGroup;
			children = (
				2DC562B52B8E448000B935F6 /* MushroomSpotUITests.swift */,
				2DC562B72B8E448000B935F6 /* MushroomSpotUITestsLaunchTests.swift */,
			);
			path = MushroomSpotUITests;
			sourceTree = "<group>";
		};
		2DC562C42B8E44D600B935F6 /* AppDelegate */ = {
			isa = PBXGroup;
			children = (
				2DC562942B8E447D00B935F6 /* AppDelegate.swift */,
			);
			path = AppDelegate;
			sourceTree = "<group>";
		};
		2DC562C52B8E44E000B935F6 /* Common */ = {
			isa = PBXGroup;
			children = (
				2DC562CD2B8E64F800B935F6 /* AppCoordinator */,
				2DC562D02B8E65AB00B935F6 /* Constants */,
				2DC562D32B8E66C700B935F6 /* Data */,
				2DC562D42B8E66CB00B935F6 /* Extensions */,
				2DC562D52B8E66CE00B935F6 /* NetworkLayerService */,
				2DC562D62B8E66D000B935F6 /* PropertyWrappers */,
				2DC562D72B8E66D300B935F6 /* Protocols */,
				2DC562D82B8E66D500B935F6 /* Publishers */,
				2DC562D92B8E66D800B935F6 /* Reachability */,
				2DC562DA2B8E66DC00B935F6 /* Utility */,
			);
			path = Common;
			sourceTree = "<group>";
		};
		2DC562C62B8E44E500B935F6 /* Resources */ = {
			isa = PBXGroup;
			children = (
				2DC562C82B8E61E100B935F6 /* Assets */,
				2DC562C92B8E61ED00B935F6 /* LaunchScreen */,
				2DC562CA2B8E61F200B935F6 /* Localization */,
			);
			path = Resources;
			sourceTree = "<group>";
		};
		2DC562C72B8E44EF00B935F6 /* Screens */ = {
			isa = PBXGroup;
			children = (
				2DC563082B8E694600B935F6 /* Login */,
				2DC563092B8E695100B935F6 /* Mushrooms */,
			);
			path = Screens;
			sourceTree = "<group>";
		};
		2DC562C82B8E61E100B935F6 /* Assets */ = {
			isa = PBXGroup;
			children = (
				2DC5629D2B8E447F00B935F6 /* Assets.xcassets */,
			);
			path = Assets;
			sourceTree = "<group>";
		};
		2DC562C92B8E61ED00B935F6 /* LaunchScreen */ = {
			isa = PBXGroup;
			children = (
				2DC5629F2B8E447F00B935F6 /* LaunchScreen.storyboard */,
			);
			path = LaunchScreen;
			sourceTree = "<group>";
		};
		2DC562CA2B8E61F200B935F6 /* Localization */ = {
			isa = PBXGroup;
			children = (
				2DC562CB2B8E621800B935F6 /* Localizable.xcstrings */,
			);
			path = Localization;
			sourceTree = "<group>";
		};
		2DC562CD2B8E64F800B935F6 /* AppCoordinator */ = {
			isa = PBXGroup;
			children = (
				2DC562CE2B8E650500B935F6 /* AppCoordinator.swift */,
			);
			path = AppCoordinator;
			sourceTree = "<group>";
		};
		2DC562D02B8E65AB00B935F6 /* Constants */ = {
			isa = PBXGroup;
			children = (
				2DC562D12B8E65B500B935F6 /* Constants.swift */,
			);
			path = Constants;
			sourceTree = "<group>";
		};
		2DC562D32B8E66C700B935F6 /* Data */ = {
			isa = PBXGroup;
			children = (
				2DC562DB2B8E66E700B935F6 /* DAL */,
				2DC562DC2B8E66EA00B935F6 /* Model */,
				2DC562DD2B8E66EC00B935F6 /* Repository */,
			);
			path = Data;
			sourceTree = "<group>";
		};
		2DC562D42B8E66CB00B935F6 /* Extensions */ = {
			isa = PBXGroup;
			children = (
				2DC562E62B8E67A100B935F6 /* Reachability+Extensions.swift */,
				2DC562E82B8E67B300B935F6 /* String+Extensions.swift */,
			);
			path = Extensions;
			sourceTree = "<group>";
		};
		2DC562D52B8E66CE00B935F6 /* NetworkLayerService */ = {
			isa = PBXGroup;
			children = (
				2DC562EA2B8E67CD00B935F6 /* NetworkLayerService.swift */,
			);
			path = NetworkLayerService;
			sourceTree = "<group>";
		};
		2DC562D62B8E66D000B935F6 /* PropertyWrappers */ = {
			isa = PBXGroup;
			children = (
				2DC562EC2B8E67F900B935F6 /* URLFormatter.swift */,
			);
			path = PropertyWrappers;
			sourceTree = "<group>";
		};
		2DC562D72B8E66D300B935F6 /* Protocols */ = {
			isa = PBXGroup;
			children = (
				2DC562EE2B8E681400B935F6 /* ActivityIndicatorPresentable.swift */,
				2DC562F02B8E682B00B935F6 /* Configurable.swift */,
				2DC562F22B8E684000B935F6 /* ErrorHandlerProtocol.swift */,
				2DC562F42B8E685400B935F6 /* Loadable.swift */,
				2DC562F62B8E686800B935F6 /* NavigationBarProtocol.swift */,
				2DC562F82B8E687E00B935F6 /* Presentable.swift */,
				2DC562FA2B8E689600B935F6 /* Requestable.swift */,
				2DC562FC2B8E68A900B935F6 /* Reusable.swift */,
				2DC562FE2B8E68C300B935F6 /* ViewControllerProtocol.swift */,
				2DC563002B8E68D600B935F6 /* ViewStyleable.swift */,
			);
			path = Protocols;
			sourceTree = "<group>";
		};
		2DC562D82B8E66D500B935F6 /* Publishers */ = {
			isa = PBXGroup;
			children = (
				2DC563022B8E68F200B935F6 /* KeyboardObserver.swift */,
			);
			path = Publishers;
			sourceTree = "<group>";
		};
		2DC562D92B8E66D800B935F6 /* Reachability */ = {
			isa = PBXGroup;
			children = (
				2DC563042B8E690100B935F6 /* Reachability.swift */,
			);
			path = Reachability;
			sourceTree = "<group>";
		};
		2DC562DA2B8E66DC00B935F6 /* Utility */ = {
			isa = PBXGroup;
			children = (
				2DC563062B8E691E00B935F6 /* Utility.swift */,
			);
			path = Utility;
			sourceTree = "<group>";
		};
		2DC562DB2B8E66E700B935F6 /* DAL */ = {
			isa = PBXGroup;
			children = (
			);
			path = DAL;
			sourceTree = "<group>";
		};
		2DC562DC2B8E66EA00B935F6 /* Model */ = {
			isa = PBXGroup;
			children = (
				2DC562E22B8E673D00B935F6 /* HTTPRequest.swift */,
				2DC562E42B8E674D00B935F6 /* NetworkResponse.swift */,
			);
			path = Model;
			sourceTree = "<group>";
		};
		2DC562DD2B8E66EC00B935F6 /* Repository */ = {
			isa = PBXGroup;
			children = (
			);
			path = Repository;
			sourceTree = "<group>";
		};
		2DC563082B8E694600B935F6 /* Login */ = {
			isa = PBXGroup;
			children = (
				2DC5630F2B8E697E00B935F6 /* Coordinator */,
				2DC5630A2B8E696500B935F6 /* ViewController */,
				2DC5630B2B8E696800B935F6 /* ViewModel */,
			);
			path = Login;
			sourceTree = "<group>";
		};
		2DC563092B8E695100B935F6 /* Mushrooms */ = {
			isa = PBXGroup;
			children = (
				2DC5630D2B8E697400B935F6 /* Coordinator */,
				2DC5630C2B8E697100B935F6 /* ViewController */,
				2DC5630E2B8E697700B935F6 /* ViewModel */,
			);
			path = Mushrooms;
			sourceTree = "<group>";
		};
		2DC5630A2B8E696500B935F6 /* ViewController */ = {
			isa = PBXGroup;
			children = (
			);
			path = ViewController;
			sourceTree = "<group>";
		};
		2DC5630B2B8E696800B935F6 /* ViewModel */ = {
			isa = PBXGroup;
			children = (
			);
			path = ViewModel;
			sourceTree = "<group>";
		};
		2DC5630C2B8E697100B935F6 /* ViewController */ = {
			isa = PBXGroup;
			children = (
			);
			path = ViewController;
			sourceTree = "<group>";
		};
		2DC5630D2B8E697400B935F6 /* Coordinator */ = {
			isa = PBXGroup;
			children = (
			);
			path = Coordinator;
			sourceTree = "<group>";
		};
		2DC5630E2B8E697700B935F6 /* ViewModel */ = {
			isa = PBXGroup;
			children = (
			);
			path = ViewModel;
			sourceTree = "<group>";
		};
		2DC5630F2B8E697E00B935F6 /* Coordinator */ = {
			isa = PBXGroup;
			children = (
			);
			path = Coordinator;
			sourceTree = "<group>";
		};
/* End PBXGroup section */

/* Begin PBXNativeTarget section */
		2DC562902B8E447D00B935F6 /* MushroomSpot */ = {
			isa = PBXNativeTarget;
			buildConfigurationList = 2DC562BB2B8E448000B935F6 /* Build configuration list for PBXNativeTarget "MushroomSpot" */;
			buildPhases = (
				2DC5628D2B8E447D00B935F6 /* Sources */,
				2DC5628E2B8E447D00B935F6 /* Frameworks */,
				2DC5628F2B8E447D00B935F6 /* Resources */,
			);
			buildRules = (
			);
			dependencies = (
			);
			name = MushroomSpot;
			productName = MushroomSpot;
			productReference = 2DC562912B8E447D00B935F6 /* MushroomSpot.app */;
			productType = "com.apple.product-type.application";
		};
		2DC562A62B8E448000B935F6 /* MushroomSpotTests */ = {
			isa = PBXNativeTarget;
			buildConfigurationList = 2DC562BE2B8E448000B935F6 /* Build configuration list for PBXNativeTarget "MushroomSpotTests" */;
			buildPhases = (
				2DC562A32B8E448000B935F6 /* Sources */,
				2DC562A42B8E448000B935F6 /* Frameworks */,
				2DC562A52B8E448000B935F6 /* Resources */,
			);
			buildRules = (
			);
			dependencies = (
				2DC562A92B8E448000B935F6 /* PBXTargetDependency */,
			);
			name = MushroomSpotTests;
			productName = MushroomSpotTests;
			productReference = 2DC562A72B8E448000B935F6 /* MushroomSpotTests.xctest */;
			productType = "com.apple.product-type.bundle.unit-test";
		};
		2DC562B02B8E448000B935F6 /* MushroomSpotUITests */ = {
			isa = PBXNativeTarget;
			buildConfigurationList = 2DC562C12B8E448000B935F6 /* Build configuration list for PBXNativeTarget "MushroomSpotUITests" */;
			buildPhases = (
				2DC562AD2B8E448000B935F6 /* Sources */,
				2DC562AE2B8E448000B935F6 /* Frameworks */,
				2DC562AF2B8E448000B935F6 /* Resources */,
			);
			buildRules = (
			);
			dependencies = (
				2DC562B32B8E448000B935F6 /* PBXTargetDependency */,
			);
			name = MushroomSpotUITests;
			productName = MushroomSpotUITests;
			productReference = 2DC562B12B8E448000B935F6 /* MushroomSpotUITests.xctest */;
			productType = "com.apple.product-type.bundle.ui-testing";
		};
/* End PBXNativeTarget section */

/* Begin PBXProject section */
		2DC562892B8E447D00B935F6 /* Project object */ = {
			isa = PBXProject;
			attributes = {
				BuildIndependentTargetsInParallel = 1;
				LastSwiftUpdateCheck = 1520;
				LastUpgradeCheck = 1520;
				ORGANIZATIONNAME = CocodeLab;
				TargetAttributes = {
					2DC562902B8E447D00B935F6 = {
						CreatedOnToolsVersion = 15.2;
					};
					2DC562A62B8E448000B935F6 = {
						CreatedOnToolsVersion = 15.2;
						TestTargetID = 2DC562902B8E447D00B935F6;
					};
					2DC562B02B8E448000B935F6 = {
						CreatedOnToolsVersion = 15.2;
						TestTargetID = 2DC562902B8E447D00B935F6;
					};
				};
			};
			buildConfigurationList = 2DC5628C2B8E447D00B935F6 /* Build configuration list for PBXProject "MushroomSpot" */;
			compatibilityVersion = "Xcode 14.0";
			developmentRegion = en;
			hasScannedForEncodings = 0;
			knownRegions = (
				en,
				Base,
			);
			mainGroup = 2DC562882B8E447D00B935F6;
			productRefGroup = 2DC562922B8E447D00B935F6 /* Products */;
			projectDirPath = "";
			projectRoot = "";
			targets = (
				2DC562902B8E447D00B935F6 /* MushroomSpot */,
				2DC562A62B8E448000B935F6 /* MushroomSpotTests */,
				2DC562B02B8E448000B935F6 /* MushroomSpotUITests */,
			);
		};
/* End PBXProject section */

/* Begin PBXResourcesBuildPhase section */
		2DC5628F2B8E447D00B935F6 /* Resources */ = {
			isa = PBXResourcesBuildPhase;
			buildActionMask = 2147483647;
			files = (
				2DC562A12B8E447F00B935F6 /* LaunchScreen.storyboard in Resources */,
				2DC5629E2B8E447F00B935F6 /* Assets.xcassets in Resources */,
				2DC562CC2B8E621800B935F6 /* Localizable.xcstrings in Resources */,
				2DC5629C2B8E447D00B935F6 /* Main.storyboard in Resources */,
			);
			runOnlyForDeploymentPostprocessing = 0;
		};
		2DC562A52B8E448000B935F6 /* Resources */ = {
			isa = PBXResourcesBuildPhase;
			buildActionMask = 2147483647;
			files = (
			);
			runOnlyForDeploymentPostprocessing = 0;
		};
		2DC562AF2B8E448000B935F6 /* Resources */ = {
			isa = PBXResourcesBuildPhase;
			buildActionMask = 2147483647;
			files = (
			);
			runOnlyForDeploymentPostprocessing = 0;
		};
/* End PBXResourcesBuildPhase section */

/* Begin PBXSourcesBuildPhase section */
		2DC5628D2B8E447D00B935F6 /* Sources */ = {
			isa = PBXSourcesBuildPhase;
			buildActionMask = 2147483647;
			files = (
				2DC562CF2B8E650500B935F6 /* AppCoordinator.swift in Sources */,
				2DC562F92B8E687E00B935F6 /* Presentable.swift in Sources */,
				2DC562F52B8E685400B935F6 /* Loadable.swift in Sources */,
				2DC562EB2B8E67CD00B935F6 /* NetworkLayerService.swift in Sources */,
				2DC562992B8E447D00B935F6 /* ViewController.swift in Sources */,
				2DC562E32B8E673D00B935F6 /* HTTPRequest.swift in Sources */,
				2DC562EF2B8E681400B935F6 /* ActivityIndicatorPresentable.swift in Sources */,
				2DC562F32B8E684000B935F6 /* ErrorHandlerProtocol.swift in Sources */,
				2DC562952B8E447D00B935F6 /* AppDelegate.swift in Sources */,
				2DC562F12B8E682B00B935F6 /* Configurable.swift in Sources */,
				2DC563012B8E68D600B935F6 /* ViewStyleable.swift in Sources */,
				2DC562E92B8E67B300B935F6 /* String+Extensions.swift in Sources */,
				2DC562E72B8E67A100B935F6 /* Reachability+Extensions.swift in Sources */,
				2DC562FD2B8E68A900B935F6 /* Reusable.swift in Sources */,
				2DC562D22B8E65B500B935F6 /* Constants.swift in Sources */,
				2DC562F72B8E686800B935F6 /* NavigationBarProtocol.swift in Sources */,
				2DC563072B8E691E00B935F6 /* Utility.swift in Sources */,
				2DC563032B8E68F200B935F6 /* KeyboardObserver.swift in Sources */,
				2DC562ED2B8E67F900B935F6 /* URLFormatter.swift in Sources */,
				2DC563052B8E690100B935F6 /* Reachability.swift in Sources */,
				2DC562FF2B8E68C300B935F6 /* ViewControllerProtocol.swift in Sources */,
				2DC562FB2B8E689600B935F6 /* Requestable.swift in Sources */,
				2DC562E52B8E674D00B935F6 /* NetworkResponse.swift in Sources */,
			);
			runOnlyForDeploymentPostprocessing = 0;
		};
		2DC562A32B8E448000B935F6 /* Sources */ = {
			isa = PBXSourcesBuildPhase;
			buildActionMask = 2147483647;
			files = (
				2DC562AC2B8E448000B935F6 /* MushroomSpotTests.swift in Sources */,
			);
			runOnlyForDeploymentPostprocessing = 0;
		};
		2DC562AD2B8E448000B935F6 /* Sources */ = {
			isa = PBXSourcesBuildPhase;
			buildActionMask = 2147483647;
			files = (
				2DC562B82B8E448000B935F6 /* MushroomSpotUITestsLaunchTests.swift in Sources */,
				2DC562B62B8E448000B935F6 /* MushroomSpotUITests.swift in Sources */,
			);
			runOnlyForDeploymentPostprocessing = 0;
		};
/* End PBXSourcesBuildPhase section */

/* Begin PBXTargetDependency section */
		2DC562A92B8E448000B935F6 /* PBXTargetDependency */ = {
			isa = PBXTargetDependency;
			target = 2DC562902B8E447D00B935F6 /* MushroomSpot */;
			targetProxy = 2DC562A82B8E448000B935F6 /* PBXContainerItemProxy */;
		};
		2DC562B32B8E448000B935F6 /* PBXTargetDependency */ = {
			isa = PBXTargetDependency;
			target = 2DC562902B8E447D00B935F6 /* MushroomSpot */;
			targetProxy = 2DC562B22B8E448000B935F6 /* PBXContainerItemProxy */;
		};
/* End PBXTargetDependency section */

/* Begin PBXVariantGroup section */
		2DC5629A2B8E447D00B935F6 /* Main.storyboard */ = {
			isa = PBXVariantGroup;
			children = (
				2DC5629B2B8E447D00B935F6 /* Base */,
			);
			name = Main.storyboard;
			sourceTree = "<group>";
		};
		2DC5629F2B8E447F00B935F6 /* LaunchScreen.storyboard */ = {
			isa = PBXVariantGroup;
			children = (
				2DC562A02B8E447F00B935F6 /* Base */,
			);
			name = LaunchScreen.storyboard;
			sourceTree = "<group>";
		};
/* End PBXVariantGroup section */

/* Begin XCBuildConfiguration section */
		2DC562B92B8E448000B935F6 /* Debug */ = {
			isa = XCBuildConfiguration;
			buildSettings = {
				ALWAYS_SEARCH_USER_PATHS = NO;
				ASSETCATALOG_COMPILER_GENERATE_SWIFT_ASSET_SYMBOL_EXTENSIONS = YES;
				CLANG_ANALYZER_NONNULL = YES;
				CLANG_ANALYZER_NUMBER_OBJECT_CONVERSION = YES_AGGRESSIVE;
				CLANG_CXX_LANGUAGE_STANDARD = "gnu++20";
				CLANG_ENABLE_MODULES = YES;
				CLANG_ENABLE_OBJC_ARC = YES;
				CLANG_ENABLE_OBJC_WEAK = YES;
				CLANG_WARN_BLOCK_CAPTURE_AUTORELEASING = YES;
				CLANG_WARN_BOOL_CONVERSION = YES;
				CLANG_WARN_COMMA = YES;
				CLANG_WARN_CONSTANT_CONVERSION = YES;
				CLANG_WARN_DEPRECATED_OBJC_IMPLEMENTATIONS = YES;
				CLANG_WARN_DIRECT_OBJC_ISA_USAGE = YES_ERROR;
				CLANG_WARN_DOCUMENTATION_COMMENTS = YES;
				CLANG_WARN_EMPTY_BODY = YES;
				CLANG_WARN_ENUM_CONVERSION = YES;
				CLANG_WARN_INFINITE_RECURSION = YES;
				CLANG_WARN_INT_CONVERSION = YES;
				CLANG_WARN_NON_LITERAL_NULL_CONVERSION = YES;
				CLANG_WARN_OBJC_IMPLICIT_RETAIN_SELF = YES;
				CLANG_WARN_OBJC_LITERAL_CONVERSION = YES;
				CLANG_WARN_OBJC_ROOT_CLASS = YES_ERROR;
				CLANG_WARN_QUOTED_INCLUDE_IN_FRAMEWORK_HEADER = YES;
				CLANG_WARN_RANGE_LOOP_ANALYSIS = YES;
				CLANG_WARN_STRICT_PROTOTYPES = YES;
				CLANG_WARN_SUSPICIOUS_MOVE = YES;
				CLANG_WARN_UNGUARDED_AVAILABILITY = YES_AGGRESSIVE;
				CLANG_WARN_UNREACHABLE_CODE = YES;
				CLANG_WARN__DUPLICATE_METHOD_MATCH = YES;
				COPY_PHASE_STRIP = NO;
				DEBUG_INFORMATION_FORMAT = dwarf;
				ENABLE_STRICT_OBJC_MSGSEND = YES;
				ENABLE_TESTABILITY = YES;
				ENABLE_USER_SCRIPT_SANDBOXING = YES;
				GCC_C_LANGUAGE_STANDARD = gnu17;
				GCC_DYNAMIC_NO_PIC = NO;
				GCC_NO_COMMON_BLOCKS = YES;
				GCC_OPTIMIZATION_LEVEL = 0;
				GCC_PREPROCESSOR_DEFINITIONS = (
					"DEBUG=1",
					"$(inherited)",
				);
				GCC_WARN_64_TO_32_BIT_CONVERSION = YES;
				GCC_WARN_ABOUT_RETURN_TYPE = YES_ERROR;
				GCC_WARN_UNDECLARED_SELECTOR = YES;
				GCC_WARN_UNINITIALIZED_AUTOS = YES_AGGRESSIVE;
				GCC_WARN_UNUSED_FUNCTION = YES;
				GCC_WARN_UNUSED_VARIABLE = YES;
				IPHONEOS_DEPLOYMENT_TARGET = 17.2;
				LOCALIZATION_PREFERS_STRING_CATALOGS = YES;
				MTL_ENABLE_DEBUG_INFO = INCLUDE_SOURCE;
				MTL_FAST_MATH = YES;
				ONLY_ACTIVE_ARCH = YES;
				SDKROOT = iphoneos;
				SWIFT_ACTIVE_COMPILATION_CONDITIONS = "DEBUG $(inherited)";
				SWIFT_OPTIMIZATION_LEVEL = "-Onone";
			};
			name = Debug;
		};
		2DC562BA2B8E448000B935F6 /* Release */ = {
			isa = XCBuildConfiguration;
			buildSettings = {
				ALWAYS_SEARCH_USER_PATHS = NO;
				ASSETCATALOG_COMPILER_GENERATE_SWIFT_ASSET_SYMBOL_EXTENSIONS = YES;
				CLANG_ANALYZER_NONNULL = YES;
				CLANG_ANALYZER_NUMBER_OBJECT_CONVERSION = YES_AGGRESSIVE;
				CLANG_CXX_LANGUAGE_STANDARD = "gnu++20";
				CLANG_ENABLE_MODULES = YES;
				CLANG_ENABLE_OBJC_ARC = YES;
				CLANG_ENABLE_OBJC_WEAK = YES;
				CLANG_WARN_BLOCK_CAPTURE_AUTORELEASING = YES;
				CLANG_WARN_BOOL_CONVERSION = YES;
				CLANG_WARN_COMMA = YES;
				CLANG_WARN_CONSTANT_CONVERSION = YES;
				CLANG_WARN_DEPRECATED_OBJC_IMPLEMENTATIONS = YES;
				CLANG_WARN_DIRECT_OBJC_ISA_USAGE = YES_ERROR;
				CLANG_WARN_DOCUMENTATION_COMMENTS = YES;
				CLANG_WARN_EMPTY_BODY = YES;
				CLANG_WARN_ENUM_CONVERSION = YES;
				CLANG_WARN_INFINITE_RECURSION = YES;
				CLANG_WARN_INT_CONVERSION = YES;
				CLANG_WARN_NON_LITERAL_NULL_CONVERSION = YES;
				CLANG_WARN_OBJC_IMPLICIT_RETAIN_SELF = YES;
				CLANG_WARN_OBJC_LITERAL_CONVERSION = YES;
				CLANG_WARN_OBJC_ROOT_CLASS = YES_ERROR;
				CLANG_WARN_QUOTED_INCLUDE_IN_FRAMEWORK_HEADER = YES;
				CLANG_WARN_RANGE_LOOP_ANALYSIS = YES;
				CLANG_WARN_STRICT_PROTOTYPES = YES;
				CLANG_WARN_SUSPICIOUS_MOVE = YES;
				CLANG_WARN_UNGUARDED_AVAILABILITY = YES_AGGRESSIVE;
				CLANG_WARN_UNREACHABLE_CODE = YES;
				CLANG_WARN__DUPLICATE_METHOD_MATCH = YES;
				COPY_PHASE_STRIP = NO;
				DEBUG_INFORMATION_FORMAT = "dwarf-with-dsym";
				ENABLE_NS_ASSERTIONS = NO;
				ENABLE_STRICT_OBJC_MSGSEND = YES;
				ENABLE_USER_SCRIPT_SANDBOXING = YES;
				GCC_C_LANGUAGE_STANDARD = gnu17;
				GCC_NO_COMMON_BLOCKS = YES;
				GCC_WARN_64_TO_32_BIT_CONVERSION = YES;
				GCC_WARN_ABOUT_RETURN_TYPE = YES_ERROR;
				GCC_WARN_UNDECLARED_SELECTOR = YES;
				GCC_WARN_UNINITIALIZED_AUTOS = YES_AGGRESSIVE;
				GCC_WARN_UNUSED_FUNCTION = YES;
				GCC_WARN_UNUSED_VARIABLE = YES;
				IPHONEOS_DEPLOYMENT_TARGET = 17.2;
				LOCALIZATION_PREFERS_STRING_CATALOGS = YES;
				MTL_ENABLE_DEBUG_INFO = NO;
				MTL_FAST_MATH = YES;
				SDKROOT = iphoneos;
				SWIFT_COMPILATION_MODE = wholemodule;
				VALIDATE_PRODUCT = YES;
			};
			name = Release;
		};
		2DC562BC2B8E448000B935F6 /* Debug */ = {
			isa = XCBuildConfiguration;
			buildSettings = {
				ASSETCATALOG_COMPILER_APPICON_NAME = AppIcon;
				ASSETCATALOG_COMPILER_GLOBAL_ACCENT_COLOR_NAME = AccentColor;
				CODE_SIGN_STYLE = Automatic;
				CURRENT_PROJECT_VERSION = 1;
				DEVELOPMENT_TEAM = 7FMDEPCZKJ;
				GENERATE_INFOPLIST_FILE = YES;
				INFOPLIST_FILE = MushroomSpot/Info.plist;
				INFOPLIST_KEY_UIApplicationSupportsIndirectInputEvents = YES;
				INFOPLIST_KEY_UILaunchStoryboardName = LaunchScreen;
				INFOPLIST_KEY_UIMainStoryboardFile = Main;
				INFOPLIST_KEY_UISupportedInterfaceOrientations_iPad = "UIInterfaceOrientationPortrait UIInterfaceOrientationPortraitUpsideDown UIInterfaceOrientationLandscapeLeft UIInterfaceOrientationLandscapeRight";
				INFOPLIST_KEY_UISupportedInterfaceOrientations_iPhone = "UIInterfaceOrientationPortrait UIInterfaceOrientationLandscapeLeft UIInterfaceOrientationLandscapeRight";
				LD_RUNPATH_SEARCH_PATHS = (
					"$(inherited)",
					"@executable_path/Frameworks",
				);
				MARKETING_VERSION = 1.0;
				PRODUCT_BUNDLE_IDENTIFIER = com.progressioapps.MushroomSpot;
				PRODUCT_NAME = "$(TARGET_NAME)";
				SWIFT_EMIT_LOC_STRINGS = YES;
				SWIFT_VERSION = 5.0;
				TARGETED_DEVICE_FAMILY = "1,2";
			};
			name = Debug;
		};
		2DC562BD2B8E448000B935F6 /* Release */ = {
			isa = XCBuildConfiguration;
			buildSettings = {
				ASSETCATALOG_COMPILER_APPICON_NAME = AppIcon;
				ASSETCATALOG_COMPILER_GLOBAL_ACCENT_COLOR_NAME = AccentColor;
				CODE_SIGN_STYLE = Automatic;
				CURRENT_PROJECT_VERSION = 1;
				DEVELOPMENT_TEAM = 7FMDEPCZKJ;
				GENERATE_INFOPLIST_FILE = YES;
				INFOPLIST_FILE = MushroomSpot/Info.plist;
				INFOPLIST_KEY_UIApplicationSupportsIndirectInputEvents = YES;
				INFOPLIST_KEY_UILaunchStoryboardName = LaunchScreen;
				INFOPLIST_KEY_UIMainStoryboardFile = Main;
				INFOPLIST_KEY_UISupportedInterfaceOrientations_iPad = "UIInterfaceOrientationPortrait UIInterfaceOrientationPortraitUpsideDown UIInterfaceOrientationLandscapeLeft UIInterfaceOrientationLandscapeRight";
				INFOPLIST_KEY_UISupportedInterfaceOrientations_iPhone = "UIInterfaceOrientationPortrait UIInterfaceOrientationLandscapeLeft UIInterfaceOrientationLandscapeRight";
				LD_RUNPATH_SEARCH_PATHS = (
					"$(inherited)",
					"@executable_path/Frameworks",
				);
				MARKETING_VERSION = 1.0;
				PRODUCT_BUNDLE_IDENTIFIER = com.progressioapps.MushroomSpot;
				PRODUCT_NAME = "$(TARGET_NAME)";
				SWIFT_EMIT_LOC_STRINGS = YES;
				SWIFT_VERSION = 5.0;
				TARGETED_DEVICE_FAMILY = "1,2";
			};
			name = Release;
		};
		2DC562BF2B8E448000B935F6 /* Debug */ = {
			isa = XCBuildConfiguration;
			buildSettings = {
				ALWAYS_EMBED_SWIFT_STANDARD_LIBRARIES = YES;
				BUNDLE_LOADER = "$(TEST_HOST)";
				CODE_SIGN_STYLE = Automatic;
				CURRENT_PROJECT_VERSION = 1;
				DEVELOPMENT_TEAM = 7FMDEPCZKJ;
				GENERATE_INFOPLIST_FILE = YES;
				IPHONEOS_DEPLOYMENT_TARGET = 17.2;
				MARKETING_VERSION = 1.0;
				PRODUCT_BUNDLE_IDENTIFIER = com.progressioapps.MushroomSpotTests;
				PRODUCT_NAME = "$(TARGET_NAME)";
				SWIFT_EMIT_LOC_STRINGS = NO;
				SWIFT_VERSION = 5.0;
				TARGETED_DEVICE_FAMILY = "1,2";
				TEST_HOST = "$(BUILT_PRODUCTS_DIR)/MushroomSpot.app/$(BUNDLE_EXECUTABLE_FOLDER_PATH)/MushroomSpot";
			};
			name = Debug;
		};
		2DC562C02B8E448000B935F6 /* Release */ = {
			isa = XCBuildConfiguration;
			buildSettings = {
				ALWAYS_EMBED_SWIFT_STANDARD_LIBRARIES = YES;
				BUNDLE_LOADER = "$(TEST_HOST)";
				CODE_SIGN_STYLE = Automatic;
				CURRENT_PROJECT_VERSION = 1;
				DEVELOPMENT_TEAM = 7FMDEPCZKJ;
				GENERATE_INFOPLIST_FILE = YES;
				IPHONEOS_DEPLOYMENT_TARGET = 17.2;
				MARKETING_VERSION = 1.0;
				PRODUCT_BUNDLE_IDENTIFIER = com.progressioapps.MushroomSpotTests;
				PRODUCT_NAME = "$(TARGET_NAME)";
				SWIFT_EMIT_LOC_STRINGS = NO;
				SWIFT_VERSION = 5.0;
				TARGETED_DEVICE_FAMILY = "1,2";
				TEST_HOST = "$(BUILT_PRODUCTS_DIR)/MushroomSpot.app/$(BUNDLE_EXECUTABLE_FOLDER_PATH)/MushroomSpot";
			};
			name = Release;
		};
		2DC562C22B8E448000B935F6 /* Debug */ = {
			isa = XCBuildConfiguration;
			buildSettings = {
				ALWAYS_EMBED_SWIFT_STANDARD_LIBRARIES = YES;
				CODE_SIGN_STYLE = Automatic;
				CURRENT_PROJECT_VERSION = 1;
				DEVELOPMENT_TEAM = 7FMDEPCZKJ;
				GENERATE_INFOPLIST_FILE = YES;
				MARKETING_VERSION = 1.0;
				PRODUCT_BUNDLE_IDENTIFIER = com.progressioapps.MushroomSpotUITests;
				PRODUCT_NAME = "$(TARGET_NAME)";
				SWIFT_EMIT_LOC_STRINGS = NO;
				SWIFT_VERSION = 5.0;
				TARGETED_DEVICE_FAMILY = "1,2";
				TEST_TARGET_NAME = MushroomSpot;
			};
			name = Debug;
		};
		2DC562C32B8E448000B935F6 /* Release */ = {
			isa = XCBuildConfiguration;
			buildSettings = {
				ALWAYS_EMBED_SWIFT_STANDARD_LIBRARIES = YES;
				CODE_SIGN_STYLE = Automatic;
				CURRENT_PROJECT_VERSION = 1;
				DEVELOPMENT_TEAM = 7FMDEPCZKJ;
				GENERATE_INFOPLIST_FILE = YES;
				MARKETING_VERSION = 1.0;
				PRODUCT_BUNDLE_IDENTIFIER = com.progressioapps.MushroomSpotUITests;
				PRODUCT_NAME = "$(TARGET_NAME)";
				SWIFT_EMIT_LOC_STRINGS = NO;
				SWIFT_VERSION = 5.0;
				TARGETED_DEVICE_FAMILY = "1,2";
				TEST_TARGET_NAME = MushroomSpot;
			};
			name = Release;
		};
/* End XCBuildConfiguration section */

/* Begin XCConfigurationList section */
		2DC5628C2B8E447D00B935F6 /* Build configuration list for PBXProject "MushroomSpot" */ = {
			isa = XCConfigurationList;
			buildConfigurations = (
				2DC562B92B8E448000B935F6 /* Debug */,
				2DC562BA2B8E448000B935F6 /* Release */,
			);
			defaultConfigurationIsVisible = 0;
			defaultConfigurationName = Release;
		};
		2DC562BB2B8E448000B935F6 /* Build configuration list for PBXNativeTarget "MushroomSpot" */ = {
			isa = XCConfigurationList;
			buildConfigurations = (
				2DC562BC2B8E448000B935F6 /* Debug */,
				2DC562BD2B8E448000B935F6 /* Release */,
			);
			defaultConfigurationIsVisible = 0;
			defaultConfigurationName = Release;
		};
		2DC562BE2B8E448000B935F6 /* Build configuration list for PBXNativeTarget "MushroomSpotTests" */ = {
			isa = XCConfigurationList;
			buildConfigurations = (
				2DC562BF2B8E448000B935F6 /* Debug */,
				2DC562C02B8E448000B935F6 /* Release */,
			);
			defaultConfigurationIsVisible = 0;
			defaultConfigurationName = Release;
		};
		2DC562C12B8E448000B935F6 /* Build configuration list for PBXNativeTarget "MushroomSpotUITests" */ = {
			isa = XCConfigurationList;
			buildConfigurations = (
				2DC562C22B8E448000B935F6 /* Debug */,
				2DC562C32B8E448000B935F6 /* Release */,
			);
			defaultConfigurationIsVisible = 0;
			defaultConfigurationName = Release;
		};
/* End XCConfigurationList section */
	};
	rootObject = 2DC562892B8E447D00B935F6 /* Project object */;
}
