// !$*UTF8*$!
{
	archiveVersion = 1;
	classes = {
	};
	objectVersion = 56;
	objects = {

/* Begin PBXBuildFile section */
		2DC562952B8E447D00B935F6 /* AppDelegate.swift in Sources */ = {isa = PBXBuildFile; fileRef = 2DC562942B8E447D00B935F6 /* AppDelegate.swift */; };
		2DC562992B8E447D00B935F6 /* ViewController.swift in Sources */ = {isa = PBXBuildFile; fileRef = 2DC562982B8E447D00B935F6 /* ViewController.swift */; };
		2DC5629C2B8E447D00B935F6 /* Main.storyboard in Resources */ = {isa = PBXBuildFile; fileRef = 2DC5629A2B8E447D00B935F6 /* Main.storyboard */; };
		2DC5629E2B8E447F00B935F6 /* Assets.xcassets in Resources */ = {isa = PBXBuildFile; fileRef = 2DC5629D2B8E447F00B935F6 /* Assets.xcassets */; };
		2DC562A12B8E447F00B935F6 /* LaunchScreen.storyboard in Resources */ = {isa = PBXBuildFile; fileRef = 2DC5629F2B8E447F00B935F6 /* LaunchScreen.storyboard */; };
		2DC562AC2B8E448000B935F6 /* MushroomSpotTests.swift in Sources */ = {isa = PBXBuildFile; fileRef = 2DC562AB2B8E448000B935F6 /* MushroomSpotTests.swift */; };
		2DC562B62B8E448000B935F6 /* MushroomSpotUITests.swift in Sources */ = {isa = PBXBuildFile; fileRef = 2DC562B52B8E448000B935F6 /* MushroomSpotUITests.swift */; };
		2DC562B82B8E448000B935F6 /* MushroomSpotUITestsLaunchTests.swift in Sources */ = {isa = PBXBuildFile; fileRef = 2DC562B72B8E448000B935F6 /* MushroomSpotUITestsLaunchTests.swift */; };
		2DC562CC2B8E621800B935F6 /* Localizable.xcstrings in Resources */ = {isa = PBXBuildFile; fileRef = 2DC562CB2B8E621800B935F6 /* Localizable.xcstrings */; };
		2DC562CF2B8E650500B935F6 /* AppCoordinator.swift in Sources */ = {isa = PBXBuildFile; fileRef = 2DC562CE2B8E650500B935F6 /* AppCoordinator.swift */; };
		2DC562D22B8E65B500B935F6 /* Constants.swift in Sources */ = {isa = PBXBuildFile; fileRef = 2DC562D12B8E65B500B935F6 /* Constants.swift */; };
		2DC562E32B8E673D00B935F6 /* HTTPRequest.swift in Sources */ = {isa = PBXBuildFile; fileRef = 2DC562E22B8E673D00B935F6 /* HTTPRequest.swift */; };
		2DC562E52B8E674D00B935F6 /* NetworkResponse.swift in Sources */ = {isa = PBXBuildFile; fileRef = 2DC562E42B8E674D00B935F6 /* NetworkResponse.swift */; };
		2DC562E72B8E67A100B935F6 /* Reachability+Extensions.swift in Sources */ = {isa = PBXBuildFile; fileRef = 2DC562E62B8E67A100B935F6 /* Reachability+Extensions.swift */; };
		2DC562E92B8E67B300B935F6 /* String+Extensions.swift in Sources */ = {isa = PBXBuildFile; fileRef = 2DC562E82B8E67B300B935F6 /* String+Extensions.swift */; };
		2DC562EB2B8E67CD00B935F6 /* NetworkLayerService.swift in Sources */ = {isa = PBXBuildFile; fileRef = 2DC562EA2B8E67CD00B935F6 /* NetworkLayerService.swift */; };
		2DC562ED2B8E67F900B935F6 /* URLFormatter.swift in Sources */ = {isa = PBXBuildFile; fileRef = 2DC562EC2B8E67F900B935F6 /* URLFormatter.swift */; };
		2DC562EF2B8E681400B935F6 /* ActivityIndicatorPresentable.swift in Sources */ = {isa = PBXBuildFile; fileRef = 2DC562EE2B8E681400B935F6 /* ActivityIndicatorPresentable.swift */; };
		2DC562F12B8E682B00B935F6 /* Configurable.swift in Sources */ = {isa = PBXBuildFile; fileRef = 2DC562F02B8E682B00B935F6 /* Configurable.swift */; };
		2DC562F32B8E684000B935F6 /* ErrorHandlerProtocol.swift in Sources */ = {isa = PBXBuildFile; fileRef = 2DC562F22B8E684000B935F6 /* ErrorHandlerProtocol.swift */; };
		2DC562F52B8E685400B935F6 /* Loadable.swift in Sources */ = {isa = PBXBuildFile; fileRef = 2DC562F42B8E685400B935F6 /* Loadable.swift */; };
		2DC562F72B8E686800B935F6 /* NavigationBarProtocol.swift in Sources */ = {isa = PBXBuildFile; fileRef = 2DC562F62B8E686800B935F6 /* NavigationBarProtocol.swift */; };
		2DC562F92B8E687E00B935F6 /* Presentable.swift in Sources */ = {isa = PBXBuildFile; fileRef = 2DC562F82B8E687E00B935F6 /* Presentable.swift */; };
		2DC562FB2B8E689600B935F6 /* Requestable.swift in Sources */ = {isa = PBXBuildFile; fileRef = 2DC562FA2B8E689600B935F6 /* Requestable.swift */; };
		2DC562FD2B8E68A900B935F6 /* Reusable.swift in Sources */ = {isa = PBXBuildFile; fileRef = 2DC562FC2B8E68A900B935F6 /* Reusable.swift */; };
		2DC562FF2B8E68C300B935F6 /* ViewControllerProtocol.swift in Sources */ = {isa = PBXBuildFile; fileRef = 2DC562FE2B8E68C300B935F6 /* ViewControllerProtocol.swift */; };
		2DC563012B8E68D600B935F6 /* ViewStyleable.swift in Sources */ = {isa = PBXBuildFile; fileRef = 2DC563002B8E68D600B935F6 /* ViewStyleable.swift */; };
		2DC563032B8E68F200B935F6 /* KeyboardObserver.swift in Sources */ = {isa = PBXBuildFile; fileRef = 2DC563022B8E68F200B935F6 /* KeyboardObserver.swift */; };
		2DC563052B8E690100B935F6 /* Reachability.swift in Sources */ = {isa = PBXBuildFile; fileRef = 2DC563042B8E690100B935F6 /* Reachability.swift */; };
		2DC563072B8E691E00B935F6 /* Utility.swift in Sources */ = {isa = PBXBuildFile; fileRef = 2DC563062B8E691E00B935F6 /* Utility.swift */; };
		2DC563122B8E6CF700B935F6 /* SnapKit in Frameworks */ = {isa = PBXBuildFile; productRef = 2DC563112B8E6CF700B935F6 /* SnapKit */; };
		2DC563142B8E6E8100B935F6 /* MushroomsCoordinator.swift in Sources */ = {isa = PBXBuildFile; fileRef = 2DC563132B8E6E8100B935F6 /* MushroomsCoordinator.swift */; };
		2DC563162B8E703B00B935F6 /* Mushroom.swift in Sources */ = {isa = PBXBuildFile; fileRef = 2DC563152B8E703B00B935F6 /* Mushroom.swift */; };
		2DC563182B8E726A00B935F6 /* User.swift in Sources */ = {isa = PBXBuildFile; fileRef = 2DC563172B8E726900B935F6 /* User.swift */; };
		2DC5631A2B8F21DC00B935F6 /* MushroomsRepository.swift in Sources */ = {isa = PBXBuildFile; fileRef = 2DC563192B8F21DC00B935F6 /* MushroomsRepository.swift */; };
		2DC5631C2B8F21F000B935F6 /* MushroomsAPIService.swift in Sources */ = {isa = PBXBuildFile; fileRef = 2DC5631B2B8F21F000B935F6 /* MushroomsAPIService.swift */; };
		2DC5631E2B8F23A000B935F6 /* MushroomsViewController.swift in Sources */ = {isa = PBXBuildFile; fileRef = 2DC5631D2B8F23A000B935F6 /* MushroomsViewController.swift */; };
		2DC563202B8F23DB00B935F6 /* MushroomsViewModel.swift in Sources */ = {isa = PBXBuildFile; fileRef = 2DC5631F2B8F23DB00B935F6 /* MushroomsViewModel.swift */; };
		2DC563222B8F241300B935F6 /* MushroomCellViewModel.swift in Sources */ = {isa = PBXBuildFile; fileRef = 2DC563212B8F241300B935F6 /* MushroomCellViewModel.swift */; };
		2DC563252B8F25B600B935F6 /* MushroomsDataSource.swift in Sources */ = {isa = PBXBuildFile; fileRef = 2DC563242B8F25B600B935F6 /* MushroomsDataSource.swift */; };
		2DC563282B8F3C5800B935F6 /* MushroomsCell.swift in Sources */ = {isa = PBXBuildFile; fileRef = 2DC563272B8F3C5800B935F6 /* MushroomsCell.swift */; };
		2DC5632B2B8F40E600B935F6 /* SDWebImage in Frameworks */ = {isa = PBXBuildFile; productRef = 2DC5632A2B8F40E600B935F6 /* SDWebImage */; };
		2DC563322B8F4B3B00B935F6 /* MushroomDetailsViewModel.swift in Sources */ = {isa = PBXBuildFile; fileRef = 2DC563312B8F4B3B00B935F6 /* MushroomDetailsViewModel.swift */; };
		2DC563342B8F4F3E00B935F6 /* MushroomDetailsViewController.swift in Sources */ = {isa = PBXBuildFile; fileRef = 2DC563332B8F4F3E00B935F6 /* MushroomDetailsViewController.swift */; };
		2DC563372B8F4F8300B935F6 /* MushroomDetailsDataSource.swift in Sources */ = {isa = PBXBuildFile; fileRef = 2DC563362B8F4F8300B935F6 /* MushroomDetailsDataSource.swift */; };
		2DC563392B8F4FC200B935F6 /* CaptionValueCell.swift in Sources */ = {isa = PBXBuildFile; fileRef = 2DC563382B8F4FC200B935F6 /* CaptionValueCell.swift */; };
		2DC5633B2B8F4FF400B935F6 /* CaptionValueCellViewModel.swift in Sources */ = {isa = PBXBuildFile; fileRef = 2DC5633A2B8F4FF400B935F6 /* CaptionValueCellViewModel.swift */; };
		2DC5633D2B8F5DD300B935F6 /* MushroomDetailsHeaderView.swift in Sources */ = {isa = PBXBuildFile; fileRef = 2DC5633C2B8F5DD300B935F6 /* MushroomDetailsHeaderView.swift */; };
		2DC5633F2B8F5E1F00B935F6 /* MushroomDetailsHeaderViewModel.swift in Sources */ = {isa = PBXBuildFile; fileRef = 2DC5633E2B8F5E1F00B935F6 /* MushroomDetailsHeaderViewModel.swift */; };
		2DC5635E2B8F6B6E00B935F6 /* UserProfileViewController.swift in Sources */ = {isa = PBXBuildFile; fileRef = 2DC563542B8F6B6E00B935F6 /* UserProfileViewController.swift */; };
		2DC5635F2B8F6B6E00B935F6 /* UserProfileDataSource.swift in Sources */ = {isa = PBXBuildFile; fileRef = 2DC563562B8F6B6E00B935F6 /* UserProfileDataSource.swift */; };
		2DC563622B8F6B6E00B935F6 /* UserProfileViewModel.swift in Sources */ = {isa = PBXBuildFile; fileRef = 2DC5635B2B8F6B6E00B935F6 /* UserProfileViewModel.swift */; };
		2DC563662B8F6DE400B935F6 /* UserAPIService.swift in Sources */ = {isa = PBXBuildFile; fileRef = 2DC563652B8F6DE400B935F6 /* UserAPIService.swift */; };
		2DC563682B8F6E3D00B935F6 /* UserRepository.swift in Sources */ = {isa = PBXBuildFile; fileRef = 2DC563672B8F6E3D00B935F6 /* UserRepository.swift */; };
		2DC5636A2B8F7B7B00B935F6 /* LoginCoordinator.swift in Sources */ = {isa = PBXBuildFile; fileRef = 2DC563692B8F7B7B00B935F6 /* LoginCoordinator.swift */; };
		2DC5636C2B8F82FB00B935F6 /* LoginViewModel.swift in Sources */ = {isa = PBXBuildFile; fileRef = 2DC5636B2B8F82FB00B935F6 /* LoginViewModel.swift */; };
		2DC5636F2B8F868800B935F6 /* LoginViewController.swift in Sources */ = {isa = PBXBuildFile; fileRef = 2DC5636D2B8F868800B935F6 /* LoginViewController.swift */; };
		2DC563702B8F868800B935F6 /* LoginViewController.xib in Resources */ = {isa = PBXBuildFile; fileRef = 2DC5636E2B8F868800B935F6 /* LoginViewController.xib */; };
		2DC563732B8F871600B935F6 /* PasswordTextField.swift in Sources */ = {isa = PBXBuildFile; fileRef = 2DC563722B8F871600B935F6 /* PasswordTextField.swift */; };
		2DC563752B8F89BF00B935F6 /* UITextField+Extensions.swift in Sources */ = {isa = PBXBuildFile; fileRef = 2DC563742B8F89BF00B935F6 /* UITextField+Extensions.swift */; };
		2DC563772B8F945400B935F6 /* AuthService.swift in Sources */ = {isa = PBXBuildFile; fileRef = 2DC563762B8F945400B935F6 /* AuthService.swift */; };
		2DC563792B908EFA00B935F6 /* Auth.swift in Sources */ = {isa = PBXBuildFile; fileRef = 2DC563782B908EF900B935F6 /* Auth.swift */; };
		2DC5637C2B90916E00B935F6 /* KeychainService.swift in Sources */ = {isa = PBXBuildFile; fileRef = 2DC5637B2B90916E00B935F6 /* KeychainService.swift */; };
		2DC563802B9099D600B935F6 /* MushroomItemProtocol.swift in Sources */ = {isa = PBXBuildFile; fileRef = 2DC5637F2B9099D600B935F6 /* MushroomItemProtocol.swift */; };
/* End PBXBuildFile section */

/* Begin PBXContainerItemProxy section */
		2DC562A82B8E448000B935F6 /* PBXContainerItemProxy */ = {
			isa = PBXContainerItemProxy;
			containerPortal = 2DC562892B8E447D00B935F6 /* Project object */;
			proxyType = 1;
			remoteGlobalIDString = 2DC562902B8E447D00B935F6;
			remoteInfo = MushroomSpot;
		};
		2DC562B22B8E448000B935F6 /* PBXContainerItemProxy */ = {
			isa = PBXContainerItemProxy;
			containerPortal = 2DC562892B8E447D00B935F6 /* Project object */;
			proxyType = 1;
			remoteGlobalIDString = 2DC562902B8E447D00B935F6;
			remoteInfo = MushroomSpot;
		};
/* End PBXContainerItemProxy section */

/* Begin PBXFileReference section */
		2DC562912B8E447D00B935F6 /* MushroomSpot.app */ = {isa = PBXFileReference; explicitFileType = wrapper.application; includeInIndex = 0; path = MushroomSpot.app; sourceTree = BUILT_PRODUCTS_DIR; };
		2DC562942B8E447D00B935F6 /* AppDelegate.swift */ = {isa = PBXFileReference; lastKnownFileType = sourcecode.swift; path = AppDelegate.swift; sourceTree = "<group>"; };
		2DC562982B8E447D00B935F6 /* ViewController.swift */ = {isa = PBXFileReference; lastKnownFileType = sourcecode.swift; path = ViewController.swift; sourceTree = "<group>"; };
		2DC5629B2B8E447D00B935F6 /* Base */ = {isa = PBXFileReference; lastKnownFileType = file.storyboard; name = Base; path = Base.lproj/Main.storyboard; sourceTree = "<group>"; };
		2DC5629D2B8E447F00B935F6 /* Assets.xcassets */ = {isa = PBXFileReference; lastKnownFileType = folder.assetcatalog; path = Assets.xcassets; sourceTree = "<group>"; };
		2DC562A02B8E447F00B935F6 /* Base */ = {isa = PBXFileReference; lastKnownFileType = file.storyboard; name = Base; path = Base.lproj/LaunchScreen.storyboard; sourceTree = "<group>"; };
		2DC562A22B8E447F00B935F6 /* Info.plist */ = {isa = PBXFileReference; lastKnownFileType = text.plist.xml; path = Info.plist; sourceTree = "<group>"; };
		2DC562A72B8E448000B935F6 /* MushroomSpotTests.xctest */ = {isa = PBXFileReference; explicitFileType = wrapper.cfbundle; includeInIndex = 0; path = MushroomSpotTests.xctest; sourceTree = BUILT_PRODUCTS_DIR; };
		2DC562AB2B8E448000B935F6 /* MushroomSpotTests.swift */ = {isa = PBXFileReference; lastKnownFileType = sourcecode.swift; path = MushroomSpotTests.swift; sourceTree = "<group>"; };
		2DC562B12B8E448000B935F6 /* MushroomSpotUITests.xctest */ = {isa = PBXFileReference; explicitFileType = wrapper.cfbundle; includeInIndex = 0; path = MushroomSpotUITests.xctest; sourceTree = BUILT_PRODUCTS_DIR; };
		2DC562B52B8E448000B935F6 /* MushroomSpotUITests.swift */ = {isa = PBXFileReference; lastKnownFileType = sourcecode.swift; path = MushroomSpotUITests.swift; sourceTree = "<group>"; };
		2DC562B72B8E448000B935F6 /* MushroomSpotUITestsLaunchTests.swift */ = {isa = PBXFileReference; lastKnownFileType = sourcecode.swift; path = MushroomSpotUITestsLaunchTests.swift; sourceTree = "<group>"; };
		2DC562CB2B8E621800B935F6 /* Localizable.xcstrings */ = {isa = PBXFileReference; lastKnownFileType = text.json.xcstrings; path = Localizable.xcstrings; sourceTree = "<group>"; };
		2DC562CE2B8E650500B935F6 /* AppCoordinator.swift */ = {isa = PBXFileReference; lastKnownFileType = sourcecode.swift; path = AppCoordinator.swift; sourceTree = "<group>"; };
		2DC562D12B8E65B500B935F6 /* Constants.swift */ = {isa = PBXFileReference; lastKnownFileType = sourcecode.swift; path = Constants.swift; sourceTree = "<group>"; };
		2DC562E22B8E673D00B935F6 /* HTTPRequest.swift */ = {isa = PBXFileReference; lastKnownFileType = sourcecode.swift; path = HTTPRequest.swift; sourceTree = "<group>"; };
		2DC562E42B8E674D00B935F6 /* NetworkResponse.swift */ = {isa = PBXFileReference; lastKnownFileType = sourcecode.swift; path = NetworkResponse.swift; sourceTree = "<group>"; };
		2DC562E62B8E67A100B935F6 /* Reachability+Extensions.swift */ = {isa = PBXFileReference; lastKnownFileType = sourcecode.swift; path = "Reachability+Extensions.swift"; sourceTree = "<group>"; };
		2DC562E82B8E67B300B935F6 /* String+Extensions.swift */ = {isa = PBXFileReference; lastKnownFileType = sourcecode.swift; path = "String+Extensions.swift"; sourceTree = "<group>"; };
		2DC562EA2B8E67CD00B935F6 /* NetworkLayerService.swift */ = {isa = PBXFileReference; lastKnownFileType = sourcecode.swift; path = NetworkLayerService.swift; sourceTree = "<group>"; };
		2DC562EC2B8E67F900B935F6 /* URLFormatter.swift */ = {isa = PBXFileReference; lastKnownFileType = sourcecode.swift; path = URLFormatter.swift; sourceTree = "<group>"; };
		2DC562EE2B8E681400B935F6 /* ActivityIndicatorPresentable.swift */ = {isa = PBXFileReference; lastKnownFileType = sourcecode.swift; path = ActivityIndicatorPresentable.swift; sourceTree = "<group>"; };
		2DC562F02B8E682B00B935F6 /* Configurable.swift */ = {isa = PBXFileReference; lastKnownFileType = sourcecode.swift; path = Configurable.swift; sourceTree = "<group>"; };
		2DC562F22B8E684000B935F6 /* ErrorHandlerProtocol.swift */ = {isa = PBXFileReference; lastKnownFileType = sourcecode.swift; path = ErrorHandlerProtocol.swift; sourceTree = "<group>"; };
		2DC562F42B8E685400B935F6 /* Loadable.swift */ = {isa = PBXFileReference; lastKnownFileType = sourcecode.swift; path = Loadable.swift; sourceTree = "<group>"; };
		2DC562F62B8E686800B935F6 /* NavigationBarProtocol.swift */ = {isa = PBXFileReference; lastKnownFileType = sourcecode.swift; path = NavigationBarProtocol.swift; sourceTree = "<group>"; };
		2DC562F82B8E687E00B935F6 /* Presentable.swift */ = {isa = PBXFileReference; lastKnownFileType = sourcecode.swift; path = Presentable.swift; sourceTree = "<group>"; };
		2DC562FA2B8E689600B935F6 /* Requestable.swift */ = {isa = PBXFileReference; lastKnownFileType = sourcecode.swift; path = Requestable.swift; sourceTree = "<group>"; };
		2DC562FC2B8E68A900B935F6 /* Reusable.swift */ = {isa = PBXFileReference; lastKnownFileType = sourcecode.swift; path = Reusable.swift; sourceTree = "<group>"; };
		2DC562FE2B8E68C300B935F6 /* ViewControllerProtocol.swift */ = {isa = PBXFileReference; lastKnownFileType = sourcecode.swift; path = ViewControllerProtocol.swift; sourceTree = "<group>"; };
		2DC563002B8E68D600B935F6 /* ViewStyleable.swift */ = {isa = PBXFileReference; lastKnownFileType = sourcecode.swift; path = ViewStyleable.swift; sourceTree = "<group>"; };
		2DC563022B8E68F200B935F6 /* KeyboardObserver.swift */ = {isa = PBXFileReference; lastKnownFileType = sourcecode.swift; path = KeyboardObserver.swift; sourceTree = "<group>"; };
		2DC563042B8E690100B935F6 /* Reachability.swift */ = {isa = PBXFileReference; lastKnownFileType = sourcecode.swift; path = Reachability.swift; sourceTree = "<group>"; };
		2DC563062B8E691E00B935F6 /* Utility.swift */ = {isa = PBXFileReference; lastKnownFileType = sourcecode.swift; path = Utility.swift; sourceTree = "<group>"; };
		2DC563132B8E6E8100B935F6 /* MushroomsCoordinator.swift */ = {isa = PBXFileReference; lastKnownFileType = sourcecode.swift; path = MushroomsCoordinator.swift; sourceTree = "<group>"; };
		2DC563152B8E703B00B935F6 /* Mushroom.swift */ = {isa = PBXFileReference; lastKnownFileType = sourcecode.swift; path = Mushroom.swift; sourceTree = "<group>"; };
		2DC563172B8E726900B935F6 /* User.swift */ = {isa = PBXFileReference; lastKnownFileType = sourcecode.swift; path = User.swift; sourceTree = "<group>"; };
		2DC563192B8F21DC00B935F6 /* MushroomsRepository.swift */ = {isa = PBXFileReference; lastKnownFileType = sourcecode.swift; path = MushroomsRepository.swift; sourceTree = "<group>"; };
		2DC5631B2B8F21F000B935F6 /* MushroomsAPIService.swift */ = {isa = PBXFileReference; lastKnownFileType = sourcecode.swift; path = MushroomsAPIService.swift; sourceTree = "<group>"; };
		2DC5631D2B8F23A000B935F6 /* MushroomsViewController.swift */ = {isa = PBXFileReference; lastKnownFileType = sourcecode.swift; path = MushroomsViewController.swift; sourceTree = "<group>"; };
		2DC5631F2B8F23DB00B935F6 /* MushroomsViewModel.swift */ = {isa = PBXFileReference; lastKnownFileType = sourcecode.swift; path = MushroomsViewModel.swift; sourceTree = "<group>"; };
		2DC563212B8F241300B935F6 /* MushroomCellViewModel.swift */ = {isa = PBXFileReference; lastKnownFileType = sourcecode.swift; path = MushroomCellViewModel.swift; sourceTree = "<group>"; };
		2DC563242B8F25B600B935F6 /* MushroomsDataSource.swift */ = {isa = PBXFileReference; lastKnownFileType = sourcecode.swift; path = MushroomsDataSource.swift; sourceTree = "<group>"; };
		2DC563272B8F3C5800B935F6 /* MushroomsCell.swift */ = {isa = PBXFileReference; lastKnownFileType = sourcecode.swift; path = MushroomsCell.swift; sourceTree = "<group>"; };
		2DC563312B8F4B3B00B935F6 /* MushroomDetailsViewModel.swift */ = {isa = PBXFileReference; lastKnownFileType = sourcecode.swift; path = MushroomDetailsViewModel.swift; sourceTree = "<group>"; };
		2DC563332B8F4F3E00B935F6 /* MushroomDetailsViewController.swift */ = {isa = PBXFileReference; lastKnownFileType = sourcecode.swift; path = MushroomDetailsViewController.swift; sourceTree = "<group>"; };
		2DC563362B8F4F8300B935F6 /* MushroomDetailsDataSource.swift */ = {isa = PBXFileReference; lastKnownFileType = sourcecode.swift; path = MushroomDetailsDataSource.swift; sourceTree = "<group>"; };
		2DC563382B8F4FC200B935F6 /* CaptionValueCell.swift */ = {isa = PBXFileReference; lastKnownFileType = sourcecode.swift; path = CaptionValueCell.swift; sourceTree = "<group>"; };
		2DC5633A2B8F4FF400B935F6 /* CaptionValueCellViewModel.swift */ = {isa = PBXFileReference; lastKnownFileType = sourcecode.swift; path = CaptionValueCellViewModel.swift; sourceTree = "<group>"; };
		2DC5633C2B8F5DD300B935F6 /* MushroomDetailsHeaderView.swift */ = {isa = PBXFileReference; lastKnownFileType = sourcecode.swift; path = MushroomDetailsHeaderView.swift; sourceTree = "<group>"; };
		2DC5633E2B8F5E1F00B935F6 /* MushroomDetailsHeaderViewModel.swift */ = {isa = PBXFileReference; lastKnownFileType = sourcecode.swift; path = MushroomDetailsHeaderViewModel.swift; sourceTree = "<group>"; };
		2DC563542B8F6B6E00B935F6 /* UserProfileViewController.swift */ = {isa = PBXFileReference; fileEncoding = 4; lastKnownFileType = sourcecode.swift; path = UserProfileViewController.swift; sourceTree = "<group>"; };
		2DC563562B8F6B6E00B935F6 /* UserProfileDataSource.swift */ = {isa = PBXFileReference; fileEncoding = 4; lastKnownFileType = sourcecode.swift; path = UserProfileDataSource.swift; sourceTree = "<group>"; };
		2DC5635B2B8F6B6E00B935F6 /* UserProfileViewModel.swift */ = {isa = PBXFileReference; fileEncoding = 4; lastKnownFileType = sourcecode.swift; path = UserProfileViewModel.swift; sourceTree = "<group>"; };
		2DC563652B8F6DE400B935F6 /* UserAPIService.swift */ = {isa = PBXFileReference; lastKnownFileType = sourcecode.swift; path = UserAPIService.swift; sourceTree = "<group>"; };
		2DC563672B8F6E3D00B935F6 /* UserRepository.swift */ = {isa = PBXFileReference; lastKnownFileType = sourcecode.swift; path = UserRepository.swift; sourceTree = "<group>"; };
		2DC563692B8F7B7B00B935F6 /* LoginCoordinator.swift */ = {isa = PBXFileReference; lastKnownFileType = sourcecode.swift; path = LoginCoordinator.swift; sourceTree = "<group>"; };
		2DC5636B2B8F82FB00B935F6 /* LoginViewModel.swift */ = {isa = PBXFileReference; lastKnownFileType = sourcecode.swift; path = LoginViewModel.swift; sourceTree = "<group>"; };
		2DC5636D2B8F868800B935F6 /* LoginViewController.swift */ = {isa = PBXFileReference; fileEncoding = 4; lastKnownFileType = sourcecode.swift; path = LoginViewController.swift; sourceTree = "<group>"; };
		2DC5636E2B8F868800B935F6 /* LoginViewController.xib */ = {isa = PBXFileReference; fileEncoding = 4; lastKnownFileType = file.xib; path = LoginViewController.xib; sourceTree = "<group>"; };
		2DC563722B8F871600B935F6 /* PasswordTextField.swift */ = {isa = PBXFileReference; lastKnownFileType = sourcecode.swift; path = PasswordTextField.swift; sourceTree = "<group>"; };
		2DC563742B8F89BF00B935F6 /* UITextField+Extensions.swift */ = {isa = PBXFileReference; lastKnownFileType = sourcecode.swift; path = "UITextField+Extensions.swift"; sourceTree = "<group>"; };
		2DC563762B8F945400B935F6 /* AuthService.swift */ = {isa = PBXFileReference; lastKnownFileType = sourcecode.swift; path = AuthService.swift; sourceTree = "<group>"; };
		2DC563782B908EF900B935F6 /* Auth.swift */ = {isa = PBXFileReference; lastKnownFileType = sourcecode.swift; path = Auth.swift; sourceTree = "<group>"; };
		2DC5637B2B90916E00B935F6 /* KeychainService.swift */ = {isa = PBXFileReference; lastKnownFileType = sourcecode.swift; path = KeychainService.swift; sourceTree = "<group>"; };
		2DC5637F2B9099D600B935F6 /* MushroomItemProtocol.swift */ = {isa = PBXFileReference; lastKnownFileType = sourcecode.swift; path = MushroomItemProtocol.swift; sourceTree = "<group>"; };
/* End PBXFileReference section */

/* Begin PBXFrameworksBuildPhase section */
		2DC5628E2B8E447D00B935F6 /* Frameworks */ = {
			isa = PBXFrameworksBuildPhase;
			buildActionMask = 2147483647;
			files = (
				2DC5632B2B8F40E600B935F6 /* SDWebImage in Frameworks */,
				2DC563122B8E6CF700B935F6 /* SnapKit in Frameworks */,
			);
			runOnlyForDeploymentPostprocessing = 0;
		};
		2DC562A42B8E448000B935F6 /* Frameworks */ = {
			isa = PBXFrameworksBuildPhase;
			buildActionMask = 2147483647;
			files = (
			);
			runOnlyForDeploymentPostprocessing = 0;
		};
		2DC562AE2B8E448000B935F6 /* Frameworks */ = {
			isa = PBXFrameworksBuildPhase;
			buildActionMask = 2147483647;
			files = (
			);
			runOnlyForDeploymentPostprocessing = 0;
		};
/* End PBXFrameworksBuildPhase section */

/* Begin PBXGroup section */
		2DC562882B8E447D00B935F6 = {
			isa = PBXGroup;
			children = (
				2DC562932B8E447D00B935F6 /* MushroomSpot */,
				2DC562AA2B8E448000B935F6 /* MushroomSpotTests */,
				2DC562B42B8E448000B935F6 /* MushroomSpotUITests */,
				2DC562922B8E447D00B935F6 /* Products */,
			);
			sourceTree = "<group>";
		};
		2DC562922B8E447D00B935F6 /* Products */ = {
			isa = PBXGroup;
			children = (
				2DC562912B8E447D00B935F6 /* MushroomSpot.app */,
				2DC562A72B8E448000B935F6 /* MushroomSpotTests.xctest */,
				2DC562B12B8E448000B935F6 /* MushroomSpotUITests.xctest */,
			);
			name = Products;
			sourceTree = "<group>";
		};
		2DC562932B8E447D00B935F6 /* MushroomSpot */ = {
			isa = PBXGroup;
			children = (
				2DC562C42B8E44D600B935F6 /* AppDelegate */,
				2DC562C52B8E44E000B935F6 /* Common */,
				2DC562A22B8E447F00B935F6 /* Info.plist */,
				2DC5629A2B8E447D00B935F6 /* Main.storyboard */,
				2DC562C62B8E44E500B935F6 /* Resources */,
				2DC562C72B8E44EF00B935F6 /* Screens */,
				2DC562982B8E447D00B935F6 /* ViewController.swift */,
			);
			path = MushroomSpot;
			sourceTree = "<group>";
		};
		2DC562AA2B8E448000B935F6 /* MushroomSpotTests */ = {
			isa = PBXGroup;
			children = (
				2DC562AB2B8E448000B935F6 /* MushroomSpotTests.swift */,
			);
			path = MushroomSpotTests;
			sourceTree = "<group>";
		};
		2DC562B42B8E448000B935F6 /* MushroomSpotUITests */ = {
			isa = PBXGroup;
			children = (
				2DC562B52B8E448000B935F6 /* MushroomSpotUITests.swift */,
				2DC562B72B8E448000B935F6 /* MushroomSpotUITestsLaunchTests.swift */,
			);
			path = MushroomSpotUITests;
			sourceTree = "<group>";
		};
		2DC562C42B8E44D600B935F6 /* AppDelegate */ = {
			isa = PBXGroup;
			children = (
				2DC562942B8E447D00B935F6 /* AppDelegate.swift */,
			);
			path = AppDelegate;
			sourceTree = "<group>";
		};
		2DC562C52B8E44E000B935F6 /* Common */ = {
			isa = PBXGroup;
			children = (
				2DC562CD2B8E64F800B935F6 /* AppCoordinator */,
				2DC562D02B8E65AB00B935F6 /* Constants */,
				2DC562D32B8E66C700B935F6 /* Data */,
				2DC562D42B8E66CB00B935F6 /* Extensions */,
				2DC5637A2B90916400B935F6 /* KeychainService */,
				2DC562D52B8E66CE00B935F6 /* NetworkLayerService */,
				2DC562D62B8E66D000B935F6 /* PropertyWrappers */,
				2DC562D72B8E66D300B935F6 /* Protocols */,
				2DC562D82B8E66D500B935F6 /* Publishers */,
				2DC562D92B8E66D800B935F6 /* Reachability */,
				2DC562DA2B8E66DC00B935F6 /* Utility */,
				2DC563712B8F870200B935F6 /* Views */,
			);
			path = Common;
			sourceTree = "<group>";
		};
		2DC562C62B8E44E500B935F6 /* Resources */ = {
			isa = PBXGroup;
			children = (
				2DC562C82B8E61E100B935F6 /* Assets */,
				2DC562C92B8E61ED00B935F6 /* LaunchScreen */,
				2DC562CA2B8E61F200B935F6 /* Localization */,
			);
			path = Resources;
			sourceTree = "<group>";
		};
		2DC562C72B8E44EF00B935F6 /* Screens */ = {
			isa = PBXGroup;
			children = (
				2DC563082B8E694600B935F6 /* Login */,
				2DC563092B8E695100B935F6 /* Mushrooms */,
			);
			path = Screens;
			sourceTree = "<group>";
		};
		2DC562C82B8E61E100B935F6 /* Assets */ = {
			isa = PBXGroup;
			children = (
				2DC5629D2B8E447F00B935F6 /* Assets.xcassets */,
			);
			path = Assets;
			sourceTree = "<group>";
		};
		2DC562C92B8E61ED00B935F6 /* LaunchScreen */ = {
			isa = PBXGroup;
			children = (
				2DC5629F2B8E447F00B935F6 /* LaunchScreen.storyboard */,
			);
			path = LaunchScreen;
			sourceTree = "<group>";
		};
		2DC562CA2B8E61F200B935F6 /* Localization */ = {
			isa = PBXGroup;
			children = (
				2DC562CB2B8E621800B935F6 /* Localizable.xcstrings */,
			);
			path = Localization;
			sourceTree = "<group>";
		};
		2DC562CD2B8E64F800B935F6 /* AppCoordinator */ = {
			isa = PBXGroup;
			children = (
				2DC562CE2B8E650500B935F6 /* AppCoordinator.swift */,
			);
			path = AppCoordinator;
			sourceTree = "<group>";
		};
		2DC562D02B8E65AB00B935F6 /* Constants */ = {
			isa = PBXGroup;
			children = (
				2DC562D12B8E65B500B935F6 /* Constants.swift */,
			);
			path = Constants;
			sourceTree = "<group>";
		};
		2DC562D32B8E66C700B935F6 /* Data */ = {
			isa = PBXGroup;
			children = (
				2DC562DB2B8E66E700B935F6 /* DAL */,
				2DC562DC2B8E66EA00B935F6 /* Model */,
				2DC562DD2B8E66EC00B935F6 /* Repository */,
			);
			path = Data;
			sourceTree = "<group>";
		};
		2DC562D42B8E66CB00B935F6 /* Extensions */ = {
			isa = PBXGroup;
			children = (
				2DC562E62B8E67A100B935F6 /* Reachability+Extensions.swift */,
				2DC562E82B8E67B300B935F6 /* String+Extensions.swift */,
				2DC563742B8F89BF00B935F6 /* UITextField+Extensions.swift */,
			);
			path = Extensions;
			sourceTree = "<group>";
		};
		2DC562D52B8E66CE00B935F6 /* NetworkLayerService */ = {
			isa = PBXGroup;
			children = (
				2DC562EA2B8E67CD00B935F6 /* NetworkLayerService.swift */,
			);
			path = NetworkLayerService;
			sourceTree = "<group>";
		};
		2DC562D62B8E66D000B935F6 /* PropertyWrappers */ = {
			isa = PBXGroup;
			children = (
				2DC562EC2B8E67F900B935F6 /* URLFormatter.swift */,
			);
			path = PropertyWrappers;
			sourceTree = "<group>";
		};
		2DC562D72B8E66D300B935F6 /* Protocols */ = {
			isa = PBXGroup;
			children = (
				2DC562EE2B8E681400B935F6 /* ActivityIndicatorPresentable.swift */,
				2DC562F02B8E682B00B935F6 /* Configurable.swift */,
				2DC562F22B8E684000B935F6 /* ErrorHandlerProtocol.swift */,
				2DC562F42B8E685400B935F6 /* Loadable.swift */,
				2DC5637F2B9099D600B935F6 /* MushroomItemProtocol.swift */,
				2DC562F62B8E686800B935F6 /* NavigationBarProtocol.swift */,
				2DC562F82B8E687E00B935F6 /* Presentable.swift */,
				2DC562FA2B8E689600B935F6 /* Requestable.swift */,
				2DC562FC2B8E68A900B935F6 /* Reusable.swift */,
				2DC562FE2B8E68C300B935F6 /* ViewControllerProtocol.swift */,
				2DC563002B8E68D600B935F6 /* ViewStyleable.swift */,
			);
			path = Protocols;
			sourceTree = "<group>";
		};
		2DC562D82B8E66D500B935F6 /* Publishers */ = {
			isa = PBXGroup;
			children = (
				2DC563022B8E68F200B935F6 /* KeyboardObserver.swift */,
			);
			path = Publishers;
			sourceTree = "<group>";
		};
		2DC562D92B8E66D800B935F6 /* Reachability */ = {
			isa = PBXGroup;
			children = (
				2DC563042B8E690100B935F6 /* Reachability.swift */,
			);
			path = Reachability;
			sourceTree = "<group>";
		};
		2DC562DA2B8E66DC00B935F6 /* Utility */ = {
			isa = PBXGroup;
			children = (
				2DC563062B8E691E00B935F6 /* Utility.swift */,
			);
			path = Utility;
			sourceTree = "<group>";
		};
		2DC562DB2B8E66E700B935F6 /* DAL */ = {
			isa = PBXGroup;
			children = (
				2DC563762B8F945400B935F6 /* AuthService.swift */,
				2DC5631B2B8F21F000B935F6 /* MushroomsAPIService.swift */,
				2DC563652B8F6DE400B935F6 /* UserAPIService.swift */,
			);
			path = DAL;
			sourceTree = "<group>";
		};
		2DC562DC2B8E66EA00B935F6 /* Model */ = {
			isa = PBXGroup;
			children = (
				2DC563782B908EF900B935F6 /* Auth.swift */,
				2DC562E22B8E673D00B935F6 /* HTTPRequest.swift */,
				2DC563152B8E703B00B935F6 /* Mushroom.swift */,
				2DC562E42B8E674D00B935F6 /* NetworkResponse.swift */,
				2DC563172B8E726900B935F6 /* User.swift */,
			);
			path = Model;
			sourceTree = "<group>";
		};
		2DC562DD2B8E66EC00B935F6 /* Repository */ = {
			isa = PBXGroup;
			children = (
				2DC563192B8F21DC00B935F6 /* MushroomsRepository.swift */,
				2DC563672B8F6E3D00B935F6 /* UserRepository.swift */,
			);
			path = Repository;
			sourceTree = "<group>";
		};
		2DC563082B8E694600B935F6 /* Login */ = {
			isa = PBXGroup;
			children = (
				2DC5630F2B8E697E00B935F6 /* Coordinator */,
				2DC5630A2B8E696500B935F6 /* ViewController */,
				2DC5630B2B8E696800B935F6 /* ViewModel */,
			);
			path = Login;
			sourceTree = "<group>";
		};
		2DC563092B8E695100B935F6 /* Mushrooms */ = {
			isa = PBXGroup;
			children = (
				2DC5630D2B8E697400B935F6 /* Coordinator */,
				2DC5632D2B8F4A3100B935F6 /* Details */,
				2DC5632C2B8F4A2C00B935F6 /* List */,
				2DC563402B8F6AFE00B935F6 /* UserProfile */,
			);
			path = Mushrooms;
			sourceTree = "<group>";
		};
		2DC5630A2B8E696500B935F6 /* ViewController */ = {
			isa = PBXGroup;
			children = (
				2DC5636D2B8F868800B935F6 /* LoginViewController.swift */,
				2DC5636E2B8F868800B935F6 /* LoginViewController.xib */,
			);
			path = ViewController;
			sourceTree = "<group>";
		};
		2DC5630B2B8E696800B935F6 /* ViewModel */ = {
			isa = PBXGroup;
			children = (
				2DC5636B2B8F82FB00B935F6 /* LoginViewModel.swift */,
			);
			path = ViewModel;
			sourceTree = "<group>";
		};
		2DC5630C2B8E697100B935F6 /* ViewController */ = {
			isa = PBXGroup;
			children = (
				2DC5631D2B8F23A000B935F6 /* MushroomsViewController.swift */,
			);
			path = ViewController;
			sourceTree = "<group>";
		};
		2DC5630D2B8E697400B935F6 /* Coordinator */ = {
			isa = PBXGroup;
			children = (
				2DC563132B8E6E8100B935F6 /* MushroomsCoordinator.swift */,
			);
			path = Coordinator;
			sourceTree = "<group>";
		};
		2DC5630E2B8E697700B935F6 /* ViewModel */ = {
			isa = PBXGroup;
			children = (
				2DC5631F2B8F23DB00B935F6 /* MushroomsViewModel.swift */,
				2DC563212B8F241300B935F6 /* MushroomCellViewModel.swift */,
			);
			path = ViewModel;
			sourceTree = "<group>";
		};
		2DC5630F2B8E697E00B935F6 /* Coordinator */ = {
			isa = PBXGroup;
			children = (
				2DC563692B8F7B7B00B935F6 /* LoginCoordinator.swift */,
			);
			path = Coordinator;
			sourceTree = "<group>";
		};
		2DC563232B8F25A500B935F6 /* DataSource */ = {
			isa = PBXGroup;
			children = (
				2DC563242B8F25B600B935F6 /* MushroomsDataSource.swift */,
			);
			path = DataSource;
			sourceTree = "<group>";
		};
		2DC563262B8F3C3A00B935F6 /* View */ = {
			isa = PBXGroup;
			children = (
				2DC563272B8F3C5800B935F6 /* MushroomsCell.swift */,
			);
			path = View;
			sourceTree = "<group>";
		};
		2DC5632C2B8F4A2C00B935F6 /* List */ = {
			isa = PBXGroup;
			children = (
				2DC563232B8F25A500B935F6 /* DataSource */,
				2DC563262B8F3C3A00B935F6 /* View */,
				2DC5630C2B8E697100B935F6 /* ViewController */,
				2DC5630E2B8E697700B935F6 /* ViewModel */,
			);
			path = List;
			sourceTree = "<group>";
		};
		2DC5632D2B8F4A3100B935F6 /* Details */ = {
			isa = PBXGroup;
			children = (
				2DC563352B8F4F7200B935F6 /* DataSource */,
				2DC563302B8F4AE900B935F6 /* ViewController */,
				2DC5632F2B8F4AE600B935F6 /* ViewModel */,
				2DC5632E2B8F4AE300B935F6 /* View */,
			);
			path = Details;
			sourceTree = "<group>";
		};
		2DC5632E2B8F4AE300B935F6 /* View */ = {
			isa = PBXGroup;
			children = (
				2DC5633C2B8F5DD300B935F6 /* MushroomDetailsHeaderView.swift */,
			);
			path = View;
			sourceTree = "<group>";
		};
		2DC5632F2B8F4AE600B935F6 /* ViewModel */ = {
			isa = PBXGroup;
			children = (
				2DC563312B8F4B3B00B935F6 /* MushroomDetailsViewModel.swift */,
				2DC5633E2B8F5E1F00B935F6 /* MushroomDetailsHeaderViewModel.swift */,
			);
			path = ViewModel;
			sourceTree = "<group>";
		};
		2DC563302B8F4AE900B935F6 /* ViewController */ = {
			isa = PBXGroup;
			children = (
				2DC563332B8F4F3E00B935F6 /* MushroomDetailsViewController.swift */,
			);
			path = ViewController;
			sourceTree = "<group>";
		};
		2DC563352B8F4F7200B935F6 /* DataSource */ = {
			isa = PBXGroup;
			children = (
				2DC563362B8F4F8300B935F6 /* MushroomDetailsDataSource.swift */,
			);
			path = DataSource;
			sourceTree = "<group>";
		};
		2DC563402B8F6AFE00B935F6 /* UserProfile */ = {
			isa = PBXGroup;
			children = (
				2DC563552B8F6B6E00B935F6 /* DataSource */,
				2DC563532B8F6B6E00B935F6 /* ViewController */,
				2DC5635A2B8F6B6E00B935F6 /* ViewModel */,
			);
			path = UserProfile;
			sourceTree = "<group>";
		};
		2DC563532B8F6B6E00B935F6 /* ViewController */ = {
			isa = PBXGroup;
			children = (
				2DC563542B8F6B6E00B935F6 /* UserProfileViewController.swift */,
			);
			path = ViewController;
			sourceTree = "<group>";
		};
		2DC563552B8F6B6E00B935F6 /* DataSource */ = {
			isa = PBXGroup;
			children = (
				2DC563562B8F6B6E00B935F6 /* UserProfileDataSource.swift */,
			);
			path = DataSource;
			sourceTree = "<group>";
		};
		2DC5635A2B8F6B6E00B935F6 /* ViewModel */ = {
			isa = PBXGroup;
			children = (
				2DC5635B2B8F6B6E00B935F6 /* UserProfileViewModel.swift */,
			);
			path = ViewModel;
			sourceTree = "<group>";
		};
		2DC563712B8F870200B935F6 /* Views */ = {
			isa = PBXGroup;
			children = (
				2DC5637E2B90984B00B935F6 /* PasswordTextField */,
				2DC5637D2B9095F000B935F6 /* CaptionValueCell */,
			);
			path = Views;
			sourceTree = "<group>";
		};
		2DC5637A2B90916400B935F6 /* KeychainService */ = {
			isa = PBXGroup;
			children = (
				2DC5637B2B90916E00B935F6 /* KeychainService.swift */,
			);
			path = KeychainService;
			sourceTree = "<group>";
		};
		2DC5637D2B9095F000B935F6 /* CaptionValueCell */ = {
			isa = PBXGroup;
			children = (
				2DC563382B8F4FC200B935F6 /* CaptionValueCell.swift */,
				2DC5633A2B8F4FF400B935F6 /* CaptionValueCellViewModel.swift */,
			);
			path = CaptionValueCell;
			sourceTree = "<group>";
		};
		2DC5637E2B90984B00B935F6 /* PasswordTextField */ = {
			isa = PBXGroup;
			children = (
				2DC563722B8F871600B935F6 /* PasswordTextField.swift */,
			);
			path = PasswordTextField;
			sourceTree = "<group>";
		};
/* End PBXGroup section */

/* Begin PBXNativeTarget section */
		2DC562902B8E447D00B935F6 /* MushroomSpot */ = {
			isa = PBXNativeTarget;
			buildConfigurationList = 2DC562BB2B8E448000B935F6 /* Build configuration list for PBXNativeTarget "MushroomSpot" */;
			buildPhases = (
				2DC5628D2B8E447D00B935F6 /* Sources */,
				2DC5628E2B8E447D00B935F6 /* Frameworks */,
				2DC5628F2B8E447D00B935F6 /* Resources */,
			);
			buildRules = (
			);
			dependencies = (
			);
			name = MushroomSpot;
			packageProductDependencies = (
				2DC563112B8E6CF700B935F6 /* SnapKit */,
				2DC5632A2B8F40E600B935F6 /* SDWebImage */,
			);
			productName = MushroomSpot;
			productReference = 2DC562912B8E447D00B935F6 /* MushroomSpot.app */;
			productType = "com.apple.product-type.application";
		};
		2DC562A62B8E448000B935F6 /* MushroomSpotTests */ = {
			isa = PBXNativeTarget;
			buildConfigurationList = 2DC562BE2B8E448000B935F6 /* Build configuration list for PBXNativeTarget "MushroomSpotTests" */;
			buildPhases = (
				2DC562A32B8E448000B935F6 /* Sources */,
				2DC562A42B8E448000B935F6 /* Frameworks */,
				2DC562A52B8E448000B935F6 /* Resources */,
			);
			buildRules = (
			);
			dependencies = (
				2DC562A92B8E448000B935F6 /* PBXTargetDependency */,
			);
			name = MushroomSpotTests;
			productName = MushroomSpotTests;
			productReference = 2DC562A72B8E448000B935F6 /* MushroomSpotTests.xctest */;
			productType = "com.apple.product-type.bundle.unit-test";
		};
		2DC562B02B8E448000B935F6 /* MushroomSpotUITests */ = {
			isa = PBXNativeTarget;
			buildConfigurationList = 2DC562C12B8E448000B935F6 /* Build configuration list for PBXNativeTarget "MushroomSpotUITests" */;
			buildPhases = (
				2DC562AD2B8E448000B935F6 /* Sources */,
				2DC562AE2B8E448000B935F6 /* Frameworks */,
				2DC562AF2B8E448000B935F6 /* Resources */,
			);
			buildRules = (
			);
			dependencies = (
				2DC562B32B8E448000B935F6 /* PBXTargetDependency */,
			);
			name = MushroomSpotUITests;
			productName = MushroomSpotUITests;
			productReference = 2DC562B12B8E448000B935F6 /* MushroomSpotUITests.xctest */;
			productType = "com.apple.product-type.bundle.ui-testing";
		};
/* End PBXNativeTarget section */

/* Begin PBXProject section */
		2DC562892B8E447D00B935F6 /* Project object */ = {
			isa = PBXProject;
			attributes = {
				BuildIndependentTargetsInParallel = 1;
				LastSwiftUpdateCheck = 1520;
				LastUpgradeCheck = 1520;
				ORGANIZATIONNAME = CocodeLab;
				TargetAttributes = {
					2DC562902B8E447D00B935F6 = {
						CreatedOnToolsVersion = 15.2;
					};
					2DC562A62B8E448000B935F6 = {
						CreatedOnToolsVersion = 15.2;
						TestTargetID = 2DC562902B8E447D00B935F6;
					};
					2DC562B02B8E448000B935F6 = {
						CreatedOnToolsVersion = 15.2;
						TestTargetID = 2DC562902B8E447D00B935F6;
					};
				};
			};
			buildConfigurationList = 2DC5628C2B8E447D00B935F6 /* Build configuration list for PBXProject "MushroomSpot" */;
			compatibilityVersion = "Xcode 14.0";
			developmentRegion = en;
			hasScannedForEncodings = 0;
			knownRegions = (
				en,
				Base,
			);
			mainGroup = 2DC562882B8E447D00B935F6;
			packageReferences = (
				2DC563102B8E6CF700B935F6 /* XCRemoteSwiftPackageReference "SnapKit" */,
				2DC563292B8F40E600B935F6 /* XCRemoteSwiftPackageReference "SDWebImage" */,
			);
			productRefGroup = 2DC562922B8E447D00B935F6 /* Products */;
			projectDirPath = "";
			projectRoot = "";
			targets = (
				2DC562902B8E447D00B935F6 /* MushroomSpot */,
				2DC562A62B8E448000B935F6 /* MushroomSpotTests */,
				2DC562B02B8E448000B935F6 /* MushroomSpotUITests */,
			);
		};
/* End PBXProject section */

/* Begin PBXResourcesBuildPhase section */
		2DC5628F2B8E447D00B935F6 /* Resources */ = {
			isa = PBXResourcesBuildPhase;
			buildActionMask = 2147483647;
			files = (
				2DC563702B8F868800B935F6 /* LoginViewController.xib in Resources */,
				2DC562A12B8E447F00B935F6 /* LaunchScreen.storyboard in Resources */,
				2DC5629E2B8E447F00B935F6 /* Assets.xcassets in Resources */,
				2DC562CC2B8E621800B935F6 /* Localizable.xcstrings in Resources */,
				2DC5629C2B8E447D00B935F6 /* Main.storyboard in Resources */,
			);
			runOnlyForDeploymentPostprocessing = 0;
		};
		2DC562A52B8E448000B935F6 /* Resources */ = {
			isa = PBXResourcesBuildPhase;
			buildActionMask = 2147483647;
			files = (
			);
			runOnlyForDeploymentPostprocessing = 0;
		};
		2DC562AF2B8E448000B935F6 /* Resources */ = {
			isa = PBXResourcesBuildPhase;
			buildActionMask = 2147483647;
			files = (
			);
			runOnlyForDeploymentPostprocessing = 0;
		};
/* End PBXResourcesBuildPhase section */

/* Begin PBXSourcesBuildPhase section */
		2DC5628D2B8E447D00B935F6 /* Sources */ = {
			isa = PBXSourcesBuildPhase;
			buildActionMask = 2147483647;
			files = (
				2DC563622B8F6B6E00B935F6 /* UserProfileViewModel.swift in Sources */,
				2DC563662B8F6DE400B935F6 /* UserAPIService.swift in Sources */,
				2DC5631C2B8F21F000B935F6 /* MushroomsAPIService.swift in Sources */,
				2DC563752B8F89BF00B935F6 /* UITextField+Extensions.swift in Sources */,
				2DC563182B8E726A00B935F6 /* User.swift in Sources */,
				2DC563202B8F23DB00B935F6 /* MushroomsViewModel.swift in Sources */,
				2DC562CF2B8E650500B935F6 /* AppCoordinator.swift in Sources */,
				2DC5633F2B8F5E1F00B935F6 /* MushroomDetailsHeaderViewModel.swift in Sources */,
				2DC562F92B8E687E00B935F6 /* Presentable.swift in Sources */,
				2DC563372B8F4F8300B935F6 /* MushroomDetailsDataSource.swift in Sources */,
				2DC563342B8F4F3E00B935F6 /* MushroomDetailsViewController.swift in Sources */,
				2DC562F52B8E685400B935F6 /* Loadable.swift in Sources */,
				2DC5633D2B8F5DD300B935F6 /* MushroomDetailsHeaderView.swift in Sources */,
				2DC5636F2B8F868800B935F6 /* LoginViewController.swift in Sources */,
				2DC5637C2B90916E00B935F6 /* KeychainService.swift in Sources */,
				2DC563162B8E703B00B935F6 /* Mushroom.swift in Sources */,
				2DC5635F2B8F6B6E00B935F6 /* UserProfileDataSource.swift in Sources */,
				2DC562EB2B8E67CD00B935F6 /* NetworkLayerService.swift in Sources */,
				2DC563732B8F871600B935F6 /* PasswordTextField.swift in Sources */,
				2DC562992B8E447D00B935F6 /* ViewController.swift in Sources */,
				2DC563322B8F4B3B00B935F6 /* MushroomDetailsViewModel.swift in Sources */,
				2DC562E32B8E673D00B935F6 /* HTTPRequest.swift in Sources */,
				2DC563282B8F3C5800B935F6 /* MushroomsCell.swift in Sources */,
				2DC563142B8E6E8100B935F6 /* MushroomsCoordinator.swift in Sources */,
				2DC5633B2B8F4FF400B935F6 /* CaptionValueCellViewModel.swift in Sources */,
				2DC562EF2B8E681400B935F6 /* ActivityIndicatorPresentable.swift in Sources */,
				2DC563252B8F25B600B935F6 /* MushroomsDataSource.swift in Sources */,
				2DC562F32B8E684000B935F6 /* ErrorHandlerProtocol.swift in Sources */,
				2DC562952B8E447D00B935F6 /* AppDelegate.swift in Sources */,
				2DC563222B8F241300B935F6 /* MushroomCellViewModel.swift in Sources */,
				2DC5631A2B8F21DC00B935F6 /* MushroomsRepository.swift in Sources */,
				2DC5636C2B8F82FB00B935F6 /* LoginViewModel.swift in Sources */,
				2DC562F12B8E682B00B935F6 /* Configurable.swift in Sources */,
				2DC563012B8E68D600B935F6 /* ViewStyleable.swift in Sources */,
				2DC562E92B8E67B300B935F6 /* String+Extensions.swift in Sources */,
				2DC562E72B8E67A100B935F6 /* Reachability+Extensions.swift in Sources */,
				2DC562FD2B8E68A900B935F6 /* Reusable.swift in Sources */,
				2DC562D22B8E65B500B935F6 /* Constants.swift in Sources */,
				2DC563802B9099D600B935F6 /* MushroomItemProtocol.swift in Sources */,
				2DC562F72B8E686800B935F6 /* NavigationBarProtocol.swift in Sources */,
				2DC563072B8E691E00B935F6 /* Utility.swift in Sources */,
				2DC563792B908EFA00B935F6 /* Auth.swift in Sources */,
				2DC563032B8E68F200B935F6 /* KeyboardObserver.swift in Sources */,
				2DC562ED2B8E67F900B935F6 /* URLFormatter.swift in Sources */,
				2DC5631E2B8F23A000B935F6 /* MushroomsViewController.swift in Sources */,
				2DC563682B8F6E3D00B935F6 /* UserRepository.swift in Sources */,
				2DC5635E2B8F6B6E00B935F6 /* UserProfileViewController.swift in Sources */,
				2DC5636A2B8F7B7B00B935F6 /* LoginCoordinator.swift in Sources */,
				2DC563052B8E690100B935F6 /* Reachability.swift in Sources */,
				2DC563392B8F4FC200B935F6 /* CaptionValueCell.swift in Sources */,
				2DC562FF2B8E68C300B935F6 /* ViewControllerProtocol.swift in Sources */,
				2DC563772B8F945400B935F6 /* AuthService.swift in Sources */,
				2DC562FB2B8E689600B935F6 /* Requestable.swift in Sources */,
				2DC562E52B8E674D00B935F6 /* NetworkResponse.swift in Sources */,
			);
			runOnlyForDeploymentPostprocessing = 0;
		};
		2DC562A32B8E448000B935F6 /* Sources */ = {
			isa = PBXSourcesBuildPhase;
			buildActionMask = 2147483647;
			files = (
				2DC562AC2B8E448000B935F6 /* MushroomSpotTests.swift in Sources */,
			);
			runOnlyForDeploymentPostprocessing = 0;
		};
		2DC562AD2B8E448000B935F6 /* Sources */ = {
			isa = PBXSourcesBuildPhase;
			buildActionMask = 2147483647;
			files = (
				2DC562B82B8E448000B935F6 /* MushroomSpotUITestsLaunchTests.swift in Sources */,
				2DC562B62B8E448000B935F6 /* MushroomSpotUITests.swift in Sources */,
			);
			runOnlyForDeploymentPostprocessing = 0;
		};
/* End PBXSourcesBuildPhase section */

/* Begin PBXTargetDependency section */
		2DC562A92B8E448000B935F6 /* PBXTargetDependency */ = {
			isa = PBXTargetDependency;
			target = 2DC562902B8E447D00B935F6 /* MushroomSpot */;
			targetProxy = 2DC562A82B8E448000B935F6 /* PBXContainerItemProxy */;
		};
		2DC562B32B8E448000B935F6 /* PBXTargetDependency */ = {
			isa = PBXTargetDependency;
			target = 2DC562902B8E447D00B935F6 /* MushroomSpot */;
			targetProxy = 2DC562B22B8E448000B935F6 /* PBXContainerItemProxy */;
		};
/* End PBXTargetDependency section */

/* Begin PBXVariantGroup section */
		2DC5629A2B8E447D00B935F6 /* Main.storyboard */ = {
			isa = PBXVariantGroup;
			children = (
				2DC5629B2B8E447D00B935F6 /* Base */,
			);
			name = Main.storyboard;
			sourceTree = "<group>";
		};
		2DC5629F2B8E447F00B935F6 /* LaunchScreen.storyboard */ = {
			isa = PBXVariantGroup;
			children = (
				2DC562A02B8E447F00B935F6 /* Base */,
			);
			name = LaunchScreen.storyboard;
			sourceTree = "<group>";
		};
/* End PBXVariantGroup section */

/* Begin XCBuildConfiguration section */
		2DC562B92B8E448000B935F6 /* Debug */ = {
			isa = XCBuildConfiguration;
			buildSettings = {
				ALWAYS_SEARCH_USER_PATHS = NO;
				ASSETCATALOG_COMPILER_GENERATE_SWIFT_ASSET_SYMBOL_EXTENSIONS = YES;
				CLANG_ANALYZER_NONNULL = YES;
				CLANG_ANALYZER_NUMBER_OBJECT_CONVERSION = YES_AGGRESSIVE;
				CLANG_CXX_LANGUAGE_STANDARD = "gnu++20";
				CLANG_ENABLE_MODULES = YES;
				CLANG_ENABLE_OBJC_ARC = YES;
				CLANG_ENABLE_OBJC_WEAK = YES;
				CLANG_WARN_BLOCK_CAPTURE_AUTORELEASING = YES;
				CLANG_WARN_BOOL_CONVERSION = YES;
				CLANG_WARN_COMMA = YES;
				CLANG_WARN_CONSTANT_CONVERSION = YES;
				CLANG_WARN_DEPRECATED_OBJC_IMPLEMENTATIONS = YES;
				CLANG_WARN_DIRECT_OBJC_ISA_USAGE = YES_ERROR;
				CLANG_WARN_DOCUMENTATION_COMMENTS = YES;
				CLANG_WARN_EMPTY_BODY = YES;
				CLANG_WARN_ENUM_CONVERSION = YES;
				CLANG_WARN_INFINITE_RECURSION = YES;
				CLANG_WARN_INT_CONVERSION = YES;
				CLANG_WARN_NON_LITERAL_NULL_CONVERSION = YES;
				CLANG_WARN_OBJC_IMPLICIT_RETAIN_SELF = YES;
				CLANG_WARN_OBJC_LITERAL_CONVERSION = YES;
				CLANG_WARN_OBJC_ROOT_CLASS = YES_ERROR;
				CLANG_WARN_QUOTED_INCLUDE_IN_FRAMEWORK_HEADER = YES;
				CLANG_WARN_RANGE_LOOP_ANALYSIS = YES;
				CLANG_WARN_STRICT_PROTOTYPES = YES;
				CLANG_WARN_SUSPICIOUS_MOVE = YES;
				CLANG_WARN_UNGUARDED_AVAILABILITY = YES_AGGRESSIVE;
				CLANG_WARN_UNREACHABLE_CODE = YES;
				CLANG_WARN__DUPLICATE_METHOD_MATCH = YES;
				COPY_PHASE_STRIP = NO;
				DEBUG_INFORMATION_FORMAT = dwarf;
				ENABLE_STRICT_OBJC_MSGSEND = YES;
				ENABLE_TESTABILITY = YES;
				ENABLE_USER_SCRIPT_SANDBOXING = YES;
				GCC_C_LANGUAGE_STANDARD = gnu17;
				GCC_DYNAMIC_NO_PIC = NO;
				GCC_NO_COMMON_BLOCKS = YES;
				GCC_OPTIMIZATION_LEVEL = 0;
				GCC_PREPROCESSOR_DEFINITIONS = (
					"DEBUG=1",
					"$(inherited)",
				);
				GCC_WARN_64_TO_32_BIT_CONVERSION = YES;
				GCC_WARN_ABOUT_RETURN_TYPE = YES_ERROR;
				GCC_WARN_UNDECLARED_SELECTOR = YES;
				GCC_WARN_UNINITIALIZED_AUTOS = YES_AGGRESSIVE;
				GCC_WARN_UNUSED_FUNCTION = YES;
				GCC_WARN_UNUSED_VARIABLE = YES;
				IPHONEOS_DEPLOYMENT_TARGET = 17.2;
				LOCALIZATION_PREFERS_STRING_CATALOGS = YES;
				MTL_ENABLE_DEBUG_INFO = INCLUDE_SOURCE;
				MTL_FAST_MATH = YES;
				ONLY_ACTIVE_ARCH = YES;
				SDKROOT = iphoneos;
				SWIFT_ACTIVE_COMPILATION_CONDITIONS = "DEBUG $(inherited)";
				SWIFT_OPTIMIZATION_LEVEL = "-Onone";
			};
			name = Debug;
		};
		2DC562BA2B8E448000B935F6 /* Release */ = {
			isa = XCBuildConfiguration;
			buildSettings = {
				ALWAYS_SEARCH_USER_PATHS = NO;
				ASSETCATALOG_COMPILER_GENERATE_SWIFT_ASSET_SYMBOL_EXTENSIONS = YES;
				CLANG_ANALYZER_NONNULL = YES;
				CLANG_ANALYZER_NUMBER_OBJECT_CONVERSION = YES_AGGRESSIVE;
				CLANG_CXX_LANGUAGE_STANDARD = "gnu++20";
				CLANG_ENABLE_MODULES = YES;
				CLANG_ENABLE_OBJC_ARC = YES;
				CLANG_ENABLE_OBJC_WEAK = YES;
				CLANG_WARN_BLOCK_CAPTURE_AUTORELEASING = YES;
				CLANG_WARN_BOOL_CONVERSION = YES;
				CLANG_WARN_COMMA = YES;
				CLANG_WARN_CONSTANT_CONVERSION = YES;
				CLANG_WARN_DEPRECATED_OBJC_IMPLEMENTATIONS = YES;
				CLANG_WARN_DIRECT_OBJC_ISA_USAGE = YES_ERROR;
				CLANG_WARN_DOCUMENTATION_COMMENTS = YES;
				CLANG_WARN_EMPTY_BODY = YES;
				CLANG_WARN_ENUM_CONVERSION = YES;
				CLANG_WARN_INFINITE_RECURSION = YES;
				CLANG_WARN_INT_CONVERSION = YES;
				CLANG_WARN_NON_LITERAL_NULL_CONVERSION = YES;
				CLANG_WARN_OBJC_IMPLICIT_RETAIN_SELF = YES;
				CLANG_WARN_OBJC_LITERAL_CONVERSION = YES;
				CLANG_WARN_OBJC_ROOT_CLASS = YES_ERROR;
				CLANG_WARN_QUOTED_INCLUDE_IN_FRAMEWORK_HEADER = YES;
				CLANG_WARN_RANGE_LOOP_ANALYSIS = YES;
				CLANG_WARN_STRICT_PROTOTYPES = YES;
				CLANG_WARN_SUSPICIOUS_MOVE = YES;
				CLANG_WARN_UNGUARDED_AVAILABILITY = YES_AGGRESSIVE;
				CLANG_WARN_UNREACHABLE_CODE = YES;
				CLANG_WARN__DUPLICATE_METHOD_MATCH = YES;
				COPY_PHASE_STRIP = NO;
				DEBUG_INFORMATION_FORMAT = "dwarf-with-dsym";
				ENABLE_NS_ASSERTIONS = NO;
				ENABLE_STRICT_OBJC_MSGSEND = YES;
				ENABLE_USER_SCRIPT_SANDBOXING = YES;
				GCC_C_LANGUAGE_STANDARD = gnu17;
				GCC_NO_COMMON_BLOCKS = YES;
				GCC_WARN_64_TO_32_BIT_CONVERSION = YES;
				GCC_WARN_ABOUT_RETURN_TYPE = YES_ERROR;
				GCC_WARN_UNDECLARED_SELECTOR = YES;
				GCC_WARN_UNINITIALIZED_AUTOS = YES_AGGRESSIVE;
				GCC_WARN_UNUSED_FUNCTION = YES;
				GCC_WARN_UNUSED_VARIABLE = YES;
				IPHONEOS_DEPLOYMENT_TARGET = 17.2;
				LOCALIZATION_PREFERS_STRING_CATALOGS = YES;
				MTL_ENABLE_DEBUG_INFO = NO;
				MTL_FAST_MATH = YES;
				SDKROOT = iphoneos;
				SWIFT_COMPILATION_MODE = wholemodule;
				VALIDATE_PRODUCT = YES;
			};
			name = Release;
		};
		2DC562BC2B8E448000B935F6 /* Debug */ = {
			isa = XCBuildConfiguration;
			buildSettings = {
				ASSETCATALOG_COMPILER_APPICON_NAME = AppIcon;
				ASSETCATALOG_COMPILER_GLOBAL_ACCENT_COLOR_NAME = AccentColor;
				CODE_SIGN_STYLE = Automatic;
				CURRENT_PROJECT_VERSION = 1;
				DEVELOPMENT_TEAM = 7FMDEPCZKJ;
				GENERATE_INFOPLIST_FILE = YES;
				INFOPLIST_FILE = MushroomSpot/Info.plist;
				INFOPLIST_KEY_UIApplicationSupportsIndirectInputEvents = YES;
				INFOPLIST_KEY_UILaunchStoryboardName = LaunchScreen;
				INFOPLIST_KEY_UIMainStoryboardFile = Main;
				INFOPLIST_KEY_UISupportedInterfaceOrientations_iPad = "UIInterfaceOrientationPortrait UIInterfaceOrientationPortraitUpsideDown UIInterfaceOrientationLandscapeLeft UIInterfaceOrientationLandscapeRight";
				INFOPLIST_KEY_UISupportedInterfaceOrientations_iPhone = "UIInterfaceOrientationPortrait UIInterfaceOrientationLandscapeLeft UIInterfaceOrientationLandscapeRight";
				LD_RUNPATH_SEARCH_PATHS = (
					"$(inherited)",
					"@executable_path/Frameworks",
				);
				MARKETING_VERSION = 1.0;
				PRODUCT_BUNDLE_IDENTIFIER = com.progressioapps.MushroomSpot;
				PRODUCT_NAME = "$(TARGET_NAME)";
				SWIFT_EMIT_LOC_STRINGS = YES;
				SWIFT_VERSION = 5.0;
				TARGETED_DEVICE_FAMILY = "1,2";
			};
			name = Debug;
		};
		2DC562BD2B8E448000B935F6 /* Release */ = {
			isa = XCBuildConfiguration;
			buildSettings = {
				ASSETCATALOG_COMPILER_APPICON_NAME = AppIcon;
				ASSETCATALOG_COMPILER_GLOBAL_ACCENT_COLOR_NAME = AccentColor;
				CODE_SIGN_STYLE = Automatic;
				CURRENT_PROJECT_VERSION = 1;
				DEVELOPMENT_TEAM = 7FMDEPCZKJ;
				GENERATE_INFOPLIST_FILE = YES;
				INFOPLIST_FILE = MushroomSpot/Info.plist;
				INFOPLIST_KEY_UIApplicationSupportsIndirectInputEvents = YES;
				INFOPLIST_KEY_UILaunchStoryboardName = LaunchScreen;
				INFOPLIST_KEY_UIMainStoryboardFile = Main;
				INFOPLIST_KEY_UISupportedInterfaceOrientations_iPad = "UIInterfaceOrientationPortrait UIInterfaceOrientationPortraitUpsideDown UIInterfaceOrientationLandscapeLeft UIInterfaceOrientationLandscapeRight";
				INFOPLIST_KEY_UISupportedInterfaceOrientations_iPhone = "UIInterfaceOrientationPortrait UIInterfaceOrientationLandscapeLeft UIInterfaceOrientationLandscapeRight";
				LD_RUNPATH_SEARCH_PATHS = (
					"$(inherited)",
					"@executable_path/Frameworks",
				);
				MARKETING_VERSION = 1.0;
				PRODUCT_BUNDLE_IDENTIFIER = com.progressioapps.MushroomSpot;
				PRODUCT_NAME = "$(TARGET_NAME)";
				SWIFT_EMIT_LOC_STRINGS = YES;
				SWIFT_VERSION = 5.0;
				TARGETED_DEVICE_FAMILY = "1,2";
			};
			name = Release;
		};
		2DC562BF2B8E448000B935F6 /* Debug */ = {
			isa = XCBuildConfiguration;
			buildSettings = {
				ALWAYS_EMBED_SWIFT_STANDARD_LIBRARIES = YES;
				BUNDLE_LOADER = "$(TEST_HOST)";
				CODE_SIGN_STYLE = Automatic;
				CURRENT_PROJECT_VERSION = 1;
				DEVELOPMENT_TEAM = 7FMDEPCZKJ;
				GENERATE_INFOPLIST_FILE = YES;
				IPHONEOS_DEPLOYMENT_TARGET = 17.2;
				MARKETING_VERSION = 1.0;
				PRODUCT_BUNDLE_IDENTIFIER = com.progressioapps.MushroomSpotTests;
				PRODUCT_NAME = "$(TARGET_NAME)";
				SWIFT_EMIT_LOC_STRINGS = NO;
				SWIFT_VERSION = 5.0;
				TARGETED_DEVICE_FAMILY = "1,2";
				TEST_HOST = "$(BUILT_PRODUCTS_DIR)/MushroomSpot.app/$(BUNDLE_EXECUTABLE_FOLDER_PATH)/MushroomSpot";
			};
			name = Debug;
		};
		2DC562C02B8E448000B935F6 /* Release */ = {
			isa = XCBuildConfiguration;
			buildSettings = {
				ALWAYS_EMBED_SWIFT_STANDARD_LIBRARIES = YES;
				BUNDLE_LOADER = "$(TEST_HOST)";
				CODE_SIGN_STYLE = Automatic;
				CURRENT_PROJECT_VERSION = 1;
				DEVELOPMENT_TEAM = 7FMDEPCZKJ;
				GENERATE_INFOPLIST_FILE = YES;
				IPHONEOS_DEPLOYMENT_TARGET = 17.2;
				MARKETING_VERSION = 1.0;
				PRODUCT_BUNDLE_IDENTIFIER = com.progressioapps.MushroomSpotTests;
				PRODUCT_NAME = "$(TARGET_NAME)";
				SWIFT_EMIT_LOC_STRINGS = NO;
				SWIFT_VERSION = 5.0;
				TARGETED_DEVICE_FAMILY = "1,2";
				TEST_HOST = "$(BUILT_PRODUCTS_DIR)/MushroomSpot.app/$(BUNDLE_EXECUTABLE_FOLDER_PATH)/MushroomSpot";
			};
			name = Release;
		};
		2DC562C22B8E448000B935F6 /* Debug */ = {
			isa = XCBuildConfiguration;
			buildSettings = {
				ALWAYS_EMBED_SWIFT_STANDARD_LIBRARIES = YES;
				CODE_SIGN_STYLE = Automatic;
				CURRENT_PROJECT_VERSION = 1;
				DEVELOPMENT_TEAM = 7FMDEPCZKJ;
				GENERATE_INFOPLIST_FILE = YES;
				MARKETING_VERSION = 1.0;
				PRODUCT_BUNDLE_IDENTIFIER = com.progressioapps.MushroomSpotUITests;
				PRODUCT_NAME = "$(TARGET_NAME)";
				SWIFT_EMIT_LOC_STRINGS = NO;
				SWIFT_VERSION = 5.0;
				TARGETED_DEVICE_FAMILY = "1,2";
				TEST_TARGET_NAME = MushroomSpot;
			};
			name = Debug;
		};
		2DC562C32B8E448000B935F6 /* Release */ = {
			isa = XCBuildConfiguration;
			buildSettings = {
				ALWAYS_EMBED_SWIFT_STANDARD_LIBRARIES = YES;
				CODE_SIGN_STYLE = Automatic;
				CURRENT_PROJECT_VERSION = 1;
				DEVELOPMENT_TEAM = 7FMDEPCZKJ;
				GENERATE_INFOPLIST_FILE = YES;
				MARKETING_VERSION = 1.0;
				PRODUCT_BUNDLE_IDENTIFIER = com.progressioapps.MushroomSpotUITests;
				PRODUCT_NAME = "$(TARGET_NAME)";
				SWIFT_EMIT_LOC_STRINGS = NO;
				SWIFT_VERSION = 5.0;
				TARGETED_DEVICE_FAMILY = "1,2";
				TEST_TARGET_NAME = MushroomSpot;
			};
			name = Release;
		};
/* End XCBuildConfiguration section */

/* Begin XCConfigurationList section */
		2DC5628C2B8E447D00B935F6 /* Build configuration list for PBXProject "MushroomSpot" */ = {
			isa = XCConfigurationList;
			buildConfigurations = (
				2DC562B92B8E448000B935F6 /* Debug */,
				2DC562BA2B8E448000B935F6 /* Release */,
			);
			defaultConfigurationIsVisible = 0;
			defaultConfigurationName = Release;
		};
		2DC562BB2B8E448000B935F6 /* Build configuration list for PBXNativeTarget "MushroomSpot" */ = {
			isa = XCConfigurationList;
			buildConfigurations = (
				2DC562BC2B8E448000B935F6 /* Debug */,
				2DC562BD2B8E448000B935F6 /* Release */,
			);
			defaultConfigurationIsVisible = 0;
			defaultConfigurationName = Release;
		};
		2DC562BE2B8E448000B935F6 /* Build configuration list for PBXNativeTarget "MushroomSpotTests" */ = {
			isa = XCConfigurationList;
			buildConfigurations = (
				2DC562BF2B8E448000B935F6 /* Debug */,
				2DC562C02B8E448000B935F6 /* Release */,
			);
			defaultConfigurationIsVisible = 0;
			defaultConfigurationName = Release;
		};
		2DC562C12B8E448000B935F6 /* Build configuration list for PBXNativeTarget "MushroomSpotUITests" */ = {
			isa = XCConfigurationList;
			buildConfigurations = (
				2DC562C22B8E448000B935F6 /* Debug */,
				2DC562C32B8E448000B935F6 /* Release */,
			);
			defaultConfigurationIsVisible = 0;
			defaultConfigurationName = Release;
		};
/* End XCConfigurationList section */

/* Begin XCRemoteSwiftPackageReference section */
		2DC563102B8E6CF700B935F6 /* XCRemoteSwiftPackageReference "SnapKit" */ = {
			isa = XCRemoteSwiftPackageReference;
			repositoryURL = "https://github.com/SnapKit/SnapKit.git";
			requirement = {
				kind = upToNextMajorVersion;
				minimumVersion = 5.7.1;
			};
		};
		2DC563292B8F40E600B935F6 /* XCRemoteSwiftPackageReference "SDWebImage" */ = {
			isa = XCRemoteSwiftPackageReference;
			repositoryURL = "https://github.com/SDWebImage/SDWebImage.git";
			requirement = {
				kind = upToNextMajorVersion;
				minimumVersion = 5.19.0;
			};
		};
/* End XCRemoteSwiftPackageReference section */

/* Begin XCSwiftPackageProductDependency section */
		2DC563112B8E6CF700B935F6 /* SnapKit */ = {
			isa = XCSwiftPackageProductDependency;
			package = 2DC563102B8E6CF700B935F6 /* XCRemoteSwiftPackageReference "SnapKit" */;
			productName = SnapKit;
		};
		2DC5632A2B8F40E600B935F6 /* SDWebImage */ = {
			isa = XCSwiftPackageProductDependency;
			package = 2DC563292B8F40E600B935F6 /* XCRemoteSwiftPackageReference "SDWebImage" */;
			productName = SDWebImage;
		};
/* End XCSwiftPackageProductDependency section */
	};
	rootObject = 2DC562892B8E447D00B935F6 /* Project object */;
}
